github.com/EXCCoin/base58 v0.0.0-20180515090142-e1a805ee5d9f h1:ucGdoqYaaO8y9CF/Vvyl+LXcOKdqOclw1YXe59HknY8=
github.com/EXCCoin/base58 v0.0.0-20180515090142-e1a805ee5d9f/go.mod h1:FWlYa+QpsFceLY9PQfQrt5R64DlCpuCoDmmZDtN78Q8=
github.com/EXCCoin/cspp/v2 v2.0.0-20230213105029-4f29ad5db4e8 h1:sm5uF0YfwGUrfceXJbYDwUlhdM8bEtVyMSis5RZJ6Bs=
github.com/EXCCoin/cspp/v2 v2.0.0-20230213105029-4f29ad5db4e8/go.mod h1:ac/06iUu2ftwYx+DtiYR7L5jCHbJyyiWnQPI8VdKaFc=
github.com/EXCCoin/exccd v0.0.0-20230211225306-d2f2c1c04ab7/go.mod h1:I7lcHtVb4/mf8BE02F58B73asYA05ECH+gvCKHi0upQ=
github.com/EXCCoin/exccd v0.0.0-20230214161753-df854c54eba6 h1:5x0z5i8W83G/uEyfeT0PS7jxa6o1GM7ALnnTgMQs2L8=
github.com/EXCCoin/exccd v0.0.0-20230214161753-df854c54eba6/go.mod h1:BOXdqhr6ZD+OiDsToEgfsuNvCqr1wq/CGDBNF+tWgbc=
github.com/EXCCoin/exccd v0.0.0-20230222134430-694fa0700495/go.mod h1:ROXHqwS1Wri+5wJxXjVZ1DoySinwcKS+bz1pMpqfASw=
github.com/EXCCoin/exccd v0.0.0-20230222135043-f1a6e2b8d85e h1:IMoZ84PrqUXIp8CQb7QslQnCEMud6uSGyhAW7zDl7DU=
github.com/EXCCoin/exccd v0.0.0-20230222135043-f1a6e2b8d85e/go.mod h1:6XDKTJc/I+GYHvDDA68/gvpmd+AFqSr3pl5OMX8nW/4=
github.com/EXCCoin/exccd v0.0.0-20230320164146-66867c2e20b1 h1:dUvegHuMhK0vd4uz3qTAzxXOlOhH6kOsK5PFZnarfBA=
github.com/EXCCoin/exccd v0.0.0-20230320164146-66867c2e20b1/go.mod h1:6XDKTJc/I+GYHvDDA68/gvpmd+AFqSr3pl5OMX8nW/4=
github.com/EXCCoin/exccd v0.0.0-20230323115008-54fd464d47ba h1:spxJIOG2E1yJHUC/V040pa2NsfBYWYAdQcjVPC5Qc5o=
github.com/EXCCoin/exccd v0.0.0-20230323115008-54fd464d47ba/go.mod h1:6XDKTJc/I+GYHvDDA68/gvpmd+AFqSr3pl5OMX8nW/4=
github.com/EXCCoin/exccd/addrmgr/v2 v2.0.0-20230211225306-d2f2c1c04ab7/go.mod h1:oC7OC4DtC2j6PZ2FLeNrszIdWQibVUNQPGD4jzsCfdc=
github.com/EXCCoin/exccd/addrmgr/v2 v2.0.0-20230214161753-df854c54eba6 h1:0byMGk75C1USsNvUrC2/k4eTOjP2XPgko7UZXFHZOQo=
github.com/EXCCoin/exccd/addrmgr/v2 v2.0.0-20230214161753-df854c54eba6/go.mod h1:Nn564p2e9DqG4AXgV1B3NMTcMIII0aXFRyWvRAywcuU=
github.com/EXCCoin/exccd/addrmgr/v2 v2.0.0-20230222133511-27be5a3e13e3/go.mod h1:Nn564p2e9DqG4AXgV1B3NMTcMIII0aXFRyWvRAywcuU=
github.com/EXCCoin/exccd/addrmgr/v2 v2.0.0-20230222134430-694fa0700495/go.mod h1:Nn564p2e9DqG4AXgV1B3NMTcMIII0aXFRyWvRAywcuU=
github.com/EXCCoin/exccd/addrmgr/v2 v2.0.0-20230222135043-f1a6e2b8d85e h1:gNAEpg4mxnWiGDJSru3pB3Ypip4RfUGpm5hBPAGakKE=
github.com/EXCCoin/exccd/addrmgr/v2 v2.0.0-20230222135043-f1a6e2b8d85e/go.mod h1:aCYqnR0ts11wn6t/RWd2WJ3oOr8CT2FvVuP3l1QuJvI=
github.com/EXCCoin/exccd/addrmgr/v2 v2.0.0-20230320164146-66867c2e20b1 h1:cXY694lsR4A3pVDSmgE56FZn9vhlmyRsc5IzICh7ki0=
github.com/EXCCoin/exccd/addrmgr/v2 v2.0.0-20230320164146-66867c2e20b1/go.mod h1:aCYqnR0ts11wn6t/RWd2WJ3oOr8CT2FvVuP3l1QuJvI=
github.com/EXCCoin/exccd/addrmgr/v2 v2.0.0-20230323115008-54fd464d47ba h1:c0JnRn6kcajzYIogNIcNvLgxTFE0zaHkMKqCca64mE8=
github.com/EXCCoin/exccd/addrmgr/v2 v2.0.0-20230323115008-54fd464d47ba/go.mod h1:aCYqnR0ts11wn6t/RWd2WJ3oOr8CT2FvVuP3l1QuJvI=
github.com/EXCCoin/exccd/bech32 v0.0.0-20230211225306-d2f2c1c04ab7/go.mod h1:gaPL3SBKG75CUfZwx78HgdSrSEmU+lltRcmVR/WAXHQ=
github.com/EXCCoin/exccd/bech32 v0.0.0-20230222133511-27be5a3e13e3/go.mod h1:gaPL3SBKG75CUfZwx78HgdSrSEmU+lltRcmVR/WAXHQ=
github.com/EXCCoin/exccd/bech32 v0.0.0-20230222134430-694fa0700495/go.mod h1:gaPL3SBKG75CUfZwx78HgdSrSEmU+lltRcmVR/WAXHQ=
github.com/EXCCoin/exccd/bech32 v0.0.0-20230320164146-66867c2e20b1 h1:pI7UdHs9HoyZL844TQUGxP+0myUnAVBWo27d2DMFSks=
github.com/EXCCoin/exccd/bech32 v0.0.0-20230320164146-66867c2e20b1/go.mod h1:K+CpUUrni9apCoRI3h+vpDzmGHJZL0dM5/xkqt2z9q4=
github.com/EXCCoin/exccd/bech32 v0.0.0-20230323115008-54fd464d47ba h1:mc76Vn24BoeV51PoE0bTEz96cyTohQmDA/N7apB2bew=
github.com/EXCCoin/exccd/bech32 v0.0.0-20230323115008-54fd464d47ba/go.mod h1:K+CpUUrni9apCoRI3h+vpDzmGHJZL0dM5/xkqt2z9q4=
github.com/EXCCoin/exccd/blockchain/stake/v4 v4.0.0-20230211225306-d2f2c1c04ab7/go.mod h1:QuyErKqh8dKlohlaIGLeCqukrrqOBsgxkTjvXDUF7/c=
github.com/EXCCoin/exccd/blockchain/stake/v4 v4.0.0-20230214161753-df854c54eba6 h1:ku/jp038zt8ixQnY41mQPyv3qLE0vdnwBHzq1w4znts=
github.com/EXCCoin/exccd/blockchain/stake/v4 v4.0.0-20230214161753-df854c54eba6/go.mod h1:CUieEVHllul0PBQA6fPjvlGW9xhQCqQ8uGVVK95yras=
github.com/EXCCoin/exccd/blockchain/stake/v4 v4.0.0-20230222133511-27be5a3e13e3/go.mod h1:CUieEVHllul0PBQA6fPjvlGW9xhQCqQ8uGVVK95yras=
github.com/EXCCoin/exccd/blockchain/stake/v4 v4.0.0-20230222134430-694fa0700495/go.mod h1:CUieEVHllul0PBQA6fPjvlGW9xhQCqQ8uGVVK95yras=
github.com/EXCCoin/exccd/blockchain/stake/v4 v4.0.0-20230222135043-f1a6e2b8d85e h1:tgS3mScbdM4Nshg41YeY+yRfovHYNeTmf0Qp2VRi2ng=
github.com/EXCCoin/exccd/blockchain/stake/v4 v4.0.0-20230222135043-f1a6e2b8d85e/go.mod h1:3LU4dFbkslTNQuE4HwjPy+Qz3oT3xLNF1Xa9zZ+WPxA=
github.com/EXCCoin/exccd/blockchain/stake/v4 v4.0.0-20230320164146-66867c2e20b1 h1:S6F2fcQfP+LFG3Cdhq7KjH1IqDkCKracuKZeaYvNs/I=
github.com/EXCCoin/exccd/blockchain/stake/v4 v4.0.0-20230320164146-66867c2e20b1/go.mod h1:3LU4dFbkslTNQuE4HwjPy+Qz3oT3xLNF1Xa9zZ+WPxA=
github.com/EXCCoin/exccd/blockchain/stake/v4 v4.0.0-20230323115008-54fd464d47ba h1:crVb1GAo3r4RebgcQnc97HxWiG6gkUvA3TgRRFTKP80=
github.com/EXCCoin/exccd/blockchain/stake/v4 v4.0.0-20230323115008-54fd464d47ba/go.mod h1:3LU4dFbkslTNQuE4HwjPy+Qz3oT3xLNF1Xa9zZ+WPxA=
github.com/EXCCoin/exccd/blockchain/standalone/v2 v2.0.0-20230211225306-d2f2c1c04ab7/go.mod h1:fYDzRi93wNdREdDlYubTbsHXyhr3+paC+E8UuyjYyc4=
github.com/EXCCoin/exccd/blockchain/standalone/v2 v2.0.0-20230214161753-df854c54eba6 h1:zrB2I8bBLMjZCwieH7bgLFSjqSZ0A21cXrpog3Hh30U=
github.com/EXCCoin/exccd/blockchain/standalone/v2 v2.0.0-20230214161753-df854c54eba6/go.mod h1:WE6UVA8shGktSNNiYpEcNpagOaRspKAllN4GfW85iJc=
github.com/EXCCoin/exccd/blockchain/standalone/v2 v2.0.0-20230222133511-27be5a3e13e3/go.mod h1:WE6UVA8shGktSNNiYpEcNpagOaRspKAllN4GfW85iJc=
github.com/EXCCoin/exccd/blockchain/standalone/v2 v2.0.0-20230222134430-694fa0700495/go.mod h1:WE6UVA8shGktSNNiYpEcNpagOaRspKAllN4GfW85iJc=
github.com/EXCCoin/exccd/blockchain/standalone/v2 v2.0.0-20230222135043-f1a6e2b8d85e h1:YuwqdWJeBd5v2ITf8XiOicZo97j8siNsXgbExby8dWI=
github.com/EXCCoin/exccd/blockchain/standalone/v2 v2.0.0-20230222135043-f1a6e2b8d85e/go.mod h1:WNIKruQbf/FYVIjL7PNeSCqldG3XeFgz7P9OSQqIQfE=
github.com/EXCCoin/exccd/blockchain/standalone/v2 v2.0.0-20230320164146-66867c2e20b1 h1:ulEbycGTr6FLPVU/IjsRxCe4p6pdVSISEclMRLbjJJQ=
github.com/EXCCoin/exccd/blockchain/standalone/v2 v2.0.0-20230320164146-66867c2e20b1/go.mod h1:WNIKruQbf/FYVIjL7PNeSCqldG3XeFgz7P9OSQqIQfE=
github.com/EXCCoin/exccd/blockchain/standalone/v2 v2.0.0-20230323115008-54fd464d47ba h1:Yh2WpMclx3KOcWJxRc+IP7gVQT7PoYneue639hHIZBY=
github.com/EXCCoin/exccd/blockchain/standalone/v2 v2.0.0-20230323115008-54fd464d47ba/go.mod h1:WNIKruQbf/FYVIjL7PNeSCqldG3XeFgz7P9OSQqIQfE=
github.com/EXCCoin/exccd/blockchain/v4 v4.0.0-20230211225306-d2f2c1c04ab7/go.mod h1:Opy5cQu1ro+ekO8WTjbxfZmIqffqXPPgKmwDpqg4acI=
github.com/EXCCoin/exccd/blockchain/v4 v4.0.0-20230214161753-df854c54eba6 h1:WJUTNHOSNBpk4fD0swUSFXsNMa1DfX7AlYT50chSryA=
github.com/EXCCoin/exccd/blockchain/v4 v4.0.0-20230214161753-df854c54eba6/go.mod h1:guZDLPGbJ7MS3hqJzK1zRiFl6kZxP7lFojciG7zEiIk=
github.com/EXCCoin/exccd/blockchain/v4 v4.0.0-20230222133511-27be5a3e13e3/go.mod h1:guZDLPGbJ7MS3hqJzK1zRiFl6kZxP7lFojciG7zEiIk=
github.com/EXCCoin/exccd/blockchain/v4 v4.0.0-20230222134430-694fa0700495 h1:cuOMkxEKK2ozAvTmoUCj7oAJryvyfvMQfpOga8R9Djk=
github.com/EXCCoin/exccd/blockchain/v4 v4.0.0-20230222134430-694fa0700495/go.mod h1:guZDLPGbJ7MS3hqJzK1zRiFl6kZxP7lFojciG7zEiIk=
github.com/EXCCoin/exccd/blockchain/v4 v4.0.0-20230320164146-66867c2e20b1 h1:VjBr2TYE3DT6dyxu9J3bo55C59nDVS7uuG9iO6TpXeU=
github.com/EXCCoin/exccd/blockchain/v4 v4.0.0-20230320164146-66867c2e20b1/go.mod h1:lhiHnz08kopKVTy1YdmpQWF5msQNgDA/lDvAC1hq49E=
github.com/EXCCoin/exccd/blockchain/v4 v4.0.0-20230323115008-54fd464d47ba h1:Amas/htNgfsI8f+isWU/X08E3Tn3sQ1pgQQoVmKZrN4=
github.com/EXCCoin/exccd/blockchain/v4 v4.0.0-20230323115008-54fd464d47ba/go.mod h1:lhiHnz08kopKVTy1YdmpQWF5msQNgDA/lDvAC1hq49E=
github.com/EXCCoin/exccd/certgen v0.0.0-20230211225306-d2f2c1c04ab7/go.mod h1:+PXoOUe7OFJ526jHm1z/jn99G550giHnlkUvf3xyVV0=
github.com/EXCCoin/exccd/certgen v0.0.0-20230214161753-df854c54eba6 h1:pLtfymQ92OprhkcVpkK025IhmZMiSolyCr7UYo+V+aE=
github.com/EXCCoin/exccd/certgen v0.0.0-20230214161753-df854c54eba6/go.mod h1:+PXoOUe7OFJ526jHm1z/jn99G550giHnlkUvf3xyVV0=
github.com/EXCCoin/exccd/certgen v0.0.0-20230222133511-27be5a3e13e3/go.mod h1:+PXoOUe7OFJ526jHm1z/jn99G550giHnlkUvf3xyVV0=
github.com/EXCCoin/exccd/certgen v0.0.0-20230222134430-694fa0700495/go.mod h1:+PXoOUe7OFJ526jHm1z/jn99G550giHnlkUvf3xyVV0=
github.com/EXCCoin/exccd/certgen v0.0.0-20230222135043-f1a6e2b8d85e h1:OUe8N2d+ogokA94xhghVnhfCKTARhQJyncTQpiqB6FU=
github.com/EXCCoin/exccd/certgen v0.0.0-20230222135043-f1a6e2b8d85e/go.mod h1:FTQdHaj2p9j9xL4ww+kXLyT6fGr4PWejx5hS/M8QloI=
github.com/EXCCoin/exccd/certgen v0.0.0-20230320164146-66867c2e20b1 h1:gWAX/1IG+OIDpmog2eDUhOWGtJ0GcYSW4CbZLnASPSc=
github.com/EXCCoin/exccd/certgen v0.0.0-20230320164146-66867c2e20b1/go.mod h1:FTQdHaj2p9j9xL4ww+kXLyT6fGr4PWejx5hS/M8QloI=
github.com/EXCCoin/exccd/certgen v0.0.0-20230323115008-54fd464d47ba h1:8rRqZFye6ADRoVdyswAHLsULkO+DjXTZP2FfkI5JEZ8=
github.com/EXCCoin/exccd/certgen v0.0.0-20230323115008-54fd464d47ba/go.mod h1:FTQdHaj2p9j9xL4ww+kXLyT6fGr4PWejx5hS/M8QloI=
github.com/EXCCoin/exccd/chaincfg/chainhash v0.0.0-20230211225306-d2f2c1c04ab7/go.mod h1:TtjGhhFlbfS1fOTl7avuIUsHsGnBAytY+jCs9Ei45E8=
github.com/EXCCoin/exccd/chaincfg/chainhash v0.0.0-20230214161233-275859970533/go.mod h1:HugQl51HouJ13KKyxNQHARMq/mrpjfi7jUM2Iv3kgjI=
github.com/EXCCoin/exccd/chaincfg/chainhash v0.0.0-20230214161753-df854c54eba6 h1:kYRKmVeVYSzhYZoq6pMSQgx5QUI/AkIW6NQ+jkn7FKQ=
github.com/EXCCoin/exccd/chaincfg/chainhash v0.0.0-20230214161753-df854c54eba6/go.mod h1:ys9yYgU0MOSy9fG7vf8IelJbnlVCKaYNses/1kkwW/o=
github.com/EXCCoin/exccd/chaincfg/chainhash v0.0.0-20230222133511-27be5a3e13e3/go.mod h1:ys9yYgU0MOSy9fG7vf8IelJbnlVCKaYNses/1kkwW/o=
github.com/EXCCoin/exccd/chaincfg/chainhash v0.0.0-20230222134430-694fa0700495/go.mod h1:ys9yYgU0MOSy9fG7vf8IelJbnlVCKaYNses/1kkwW/o=
github.com/EXCCoin/exccd/chaincfg/chainhash v0.0.0-20230222135043-f1a6e2b8d85e h1:9zbOMrLFzZrWGe9KF1HxgCDd4HxNJI0V4NUN5iThBL4=
github.com/EXCCoin/exccd/chaincfg/chainhash v0.0.0-20230222135043-f1a6e2b8d85e/go.mod h1:eMPB49d8cWIAj9q7/pXMFu/lFaxs0dOKgkhEnvUQS+o=
github.com/EXCCoin/exccd/chaincfg/chainhash v0.0.0-20230320164146-66867c2e20b1 h1:AyM4/m7SofO1td9vYH4VbRmGJrKx3uXCEgPJPjdOP+w=
github.com/EXCCoin/exccd/chaincfg/chainhash v0.0.0-20230320164146-66867c2e20b1/go.mod h1:eMPB49d8cWIAj9q7/pXMFu/lFaxs0dOKgkhEnvUQS+o=
github.com/EXCCoin/exccd/chaincfg/chainhash v0.0.0-20230323115008-54fd464d47ba h1:TzS7KSC5mpOkysiO3JlgGoeucdxp7r4ruz2Uc/2J288=
github.com/EXCCoin/exccd/chaincfg/chainhash v0.0.0-20230323115008-54fd464d47ba/go.mod h1:eMPB49d8cWIAj9q7/pXMFu/lFaxs0dOKgkhEnvUQS+o=
github.com/EXCCoin/exccd/chaincfg/v3 v3.0.0-20230211225306-d2f2c1c04ab7/go.mod h1:qbWcZdaL4y+HgMVk1e+TpyE3rHyZNSToAaMyHRn9TWg=
github.com/EXCCoin/exccd/chaincfg/v3 v3.0.0-20230214161233-275859970533/go.mod h1:kI3is/m8omS08trtkDqyOkKAw2aVdQAyPcuLYN8qATU=
github.com/EXCCoin/exccd/chaincfg/v3 v3.0.0-20230214161753-df854c54eba6 h1:8tBr2aXDwzoXgmMYJu9FZkMwE4Nek1SOyhhsbUIg7Ws=
github.com/EXCCoin/exccd/chaincfg/v3 v3.0.0-20230214161753-df854c54eba6/go.mod h1:r1QmI1cMHtL3qThQE/iAQD6Ia6mWHgbaBLms3p81VU4=
github.com/EXCCoin/exccd/chaincfg/v3 v3.0.0-20230222133511-27be5a3e13e3/go.mod h1:r1QmI1cMHtL3qThQE/iAQD6Ia6mWHgbaBLms3p81VU4=
github.com/EXCCoin/exccd/chaincfg/v3 v3.0.0-20230222134430-694fa0700495/go.mod h1:r1QmI1cMHtL3qThQE/iAQD6Ia6mWHgbaBLms3p81VU4=
github.com/EXCCoin/exccd/chaincfg/v3 v3.0.0-20230222135043-f1a6e2b8d85e h1:uLDrRXxi2GLwJxEOqmPicwbTp5HHWlyt6ge0fWFcJ9w=
github.com/EXCCoin/exccd/chaincfg/v3 v3.0.0-20230222135043-f1a6e2b8d85e/go.mod h1:xwZuLvp37l/vEGO6hmGyB5FvdFxpRROaYRBcYGDZba8=
github.com/EXCCoin/exccd/chaincfg/v3 v3.0.0-20230320164146-66867c2e20b1 h1:NZDqjxmN/Tvfs2MMnrk687CsFZPUYiuWmxT7Y1bIWcI=
github.com/EXCCoin/exccd/chaincfg/v3 v3.0.0-20230320164146-66867c2e20b1/go.mod h1:xwZuLvp37l/vEGO6hmGyB5FvdFxpRROaYRBcYGDZba8=
github.com/EXCCoin/exccd/chaincfg/v3 v3.0.0-20230323115008-54fd464d47ba h1:MLq81RVCWboTq0irk7zzKJatrFD5yWp+8j7rWVLqyAM=
github.com/EXCCoin/exccd/chaincfg/v3 v3.0.0-20230323115008-54fd464d47ba/go.mod h1:xwZuLvp37l/vEGO6hmGyB5FvdFxpRROaYRBcYGDZba8=
github.com/EXCCoin/exccd/connmgr/v3 v3.0.0-20230211225306-d2f2c1c04ab7/go.mod h1:mkE2IPI7LRPe9+L56H+jkQwd1KFNt7kGL4Jjgj3CWwE=
github.com/EXCCoin/exccd/connmgr/v3 v3.0.0-20230214161753-df854c54eba6 h1:ZNyi+Ei6+qEkc1uCx56vl9Osm0Rosy4gYq7dbJW5DkM=
github.com/EXCCoin/exccd/connmgr/v3 v3.0.0-20230214161753-df854c54eba6/go.mod h1:hADxbyzKrbCZhEcg0n+tGDfyFgLD8aF+zzfhkhuWtnA=
github.com/EXCCoin/exccd/connmgr/v3 v3.0.0-20230222133511-27be5a3e13e3/go.mod h1:hADxbyzKrbCZhEcg0n+tGDfyFgLD8aF+zzfhkhuWtnA=
github.com/EXCCoin/exccd/connmgr/v3 v3.0.0-20230222134430-694fa0700495/go.mod h1:hADxbyzKrbCZhEcg0n+tGDfyFgLD8aF+zzfhkhuWtnA=
github.com/EXCCoin/exccd/connmgr/v3 v3.0.0-20230222135043-f1a6e2b8d85e h1:qajk0+Y2gdOW3s3nfEY7qvJBvmDMnyRZt9k/4xcQ4Dc=
github.com/EXCCoin/exccd/connmgr/v3 v3.0.0-20230222135043-f1a6e2b8d85e/go.mod h1:9FzGbP6eLwUx8uzxxDiLrTfxHkRXmEquxEXcZNEIznc=
github.com/EXCCoin/exccd/connmgr/v3 v3.0.0-20230320164146-66867c2e20b1 h1:PvkKkazQIfkZF1Alh8UyMmSEol0TSYWdOjgK49QxedA=
github.com/EXCCoin/exccd/connmgr/v3 v3.0.0-20230320164146-66867c2e20b1/go.mod h1:9FzGbP6eLwUx8uzxxDiLrTfxHkRXmEquxEXcZNEIznc=
github.com/EXCCoin/exccd/connmgr/v3 v3.0.0-20230323115008-54fd464d47ba h1:gVEeLc5n9pV9jdszSA+NnioBBX069mux9Rc73rdSirw=
github.com/EXCCoin/exccd/connmgr/v3 v3.0.0-20230323115008-54fd464d47ba/go.mod h1:9FzGbP6eLwUx8uzxxDiLrTfxHkRXmEquxEXcZNEIznc=
github.com/EXCCoin/exccd/container/apbf v0.0.0-20230211225306-d2f2c1c04ab7/go.mod h1:lmWfae3BokHiRyXyxzwDS/JjHxjSoQ705+TXNV87MOk=
github.com/EXCCoin/exccd/container/apbf v0.0.0-20230222133511-27be5a3e13e3/go.mod h1:3mz79bQA2g6SVHUbk21PVR186pNeBiH8Tspz8Fy6p/s=
github.com/EXCCoin/exccd/container/apbf v0.0.0-20230222134430-694fa0700495/go.mod h1:3mz79bQA2g6SVHUbk21PVR186pNeBiH8Tspz8Fy6p/s=
github.com/EXCCoin/exccd/container/apbf v0.0.0-20230320164146-66867c2e20b1 h1:l+k/XWNSWk+sRGmHChotk/Cfiv0RpgFSYrCYQ5yZaM0=
github.com/EXCCoin/exccd/container/apbf v0.0.0-20230320164146-66867c2e20b1/go.mod h1:FLe/mYIO2wJUqV76FrgB3LVFidzT5cCX7ejkPCqSGjQ=
github.com/EXCCoin/exccd/container/apbf v0.0.0-20230323115008-54fd464d47ba h1:uDQGacBM3+FUFIj15IpRMVxgQ1+uJefxheb0oDMLPUo=
github.com/EXCCoin/exccd/container/apbf v0.0.0-20230323115008-54fd464d47ba/go.mod h1:FLe/mYIO2wJUqV76FrgB3LVFidzT5cCX7ejkPCqSGjQ=
github.com/EXCCoin/exccd/crypto/blake256 v0.0.0-20230211225306-d2f2c1c04ab7/go.mod h1:gGGtDzi74jQyKPRjBKT/BSFoRbN33dmgNZgj8jgEFd0=
github.com/EXCCoin/exccd/crypto/blake256 v0.0.0-20230212114142-46d4795f2f82/go.mod h1:gGGtDzi74jQyKPRjBKT/BSFoRbN33dmgNZgj8jgEFd0=
github.com/EXCCoin/exccd/crypto/blake256 v0.0.0-20230214161753-df854c54eba6 h1:aLHrlRI+sc8rODmfiLjkWXNGvFnEZhYcoO15REJKH08=
github.com/EXCCoin/exccd/crypto/blake256 v0.0.0-20230214161753-df854c54eba6/go.mod h1:gGGtDzi74jQyKPRjBKT/BSFoRbN33dmgNZgj8jgEFd0=
github.com/EXCCoin/exccd/crypto/blake256 v0.0.0-20230222133511-27be5a3e13e3/go.mod h1:gGGtDzi74jQyKPRjBKT/BSFoRbN33dmgNZgj8jgEFd0=
github.com/EXCCoin/exccd/crypto/blake256 v0.0.0-20230222134430-694fa0700495/go.mod h1:gGGtDzi74jQyKPRjBKT/BSFoRbN33dmgNZgj8jgEFd0=
github.com/EXCCoin/exccd/crypto/blake256 v0.0.0-20230222135043-f1a6e2b8d85e h1:a/uz5FH/tmYWqXdbyM6gXLo/hP6izXXMRrkr2WzQmNM=
github.com/EXCCoin/exccd/crypto/blake256 v0.0.0-20230222135043-f1a6e2b8d85e/go.mod h1:a6dgMwlAl4Sw8AL1aANZdNqEby7g+DdQx7WBzdiYtEk=
github.com/EXCCoin/exccd/crypto/blake256 v0.0.0-20230320164146-66867c2e20b1 h1:C6sZPX5LsefXFjh6MLPqoia7u7v+yONEayXQquxs61Y=
github.com/EXCCoin/exccd/crypto/blake256 v0.0.0-20230320164146-66867c2e20b1/go.mod h1:a6dgMwlAl4Sw8AL1aANZdNqEby7g+DdQx7WBzdiYtEk=
github.com/EXCCoin/exccd/crypto/blake256 v0.0.0-20230323115008-54fd464d47ba h1:qiY1UaM1tCuuFYT9XRCzVXZGw1yAnXry5ZeA3MxsT2A=
github.com/EXCCoin/exccd/crypto/blake256 v0.0.0-20230323115008-54fd464d47ba/go.mod h1:a6dgMwlAl4Sw8AL1aANZdNqEby7g+DdQx7WBzdiYtEk=
github.com/EXCCoin/exccd/crypto/ripemd160 v0.0.0-20230211225306-d2f2c1c04ab7/go.mod h1:aHqP29TIbaWgcd1DlDCVc+QZZqNE5n13C7BHXHiKS0M=
github.com/EXCCoin/exccd/crypto/ripemd160 v0.0.0-20230214161753-df854c54eba6 h1:N8tgRuMAP0TAC7T1KkdPmN+WJq98p1rPKWXZ8nyISYg=
github.com/EXCCoin/exccd/crypto/ripemd160 v0.0.0-20230214161753-df854c54eba6/go.mod h1:aHqP29TIbaWgcd1DlDCVc+QZZqNE5n13C7BHXHiKS0M=
github.com/EXCCoin/exccd/crypto/ripemd160 v0.0.0-20230222133511-27be5a3e13e3/go.mod h1:aHqP29TIbaWgcd1DlDCVc+QZZqNE5n13C7BHXHiKS0M=
github.com/EXCCoin/exccd/crypto/ripemd160 v0.0.0-20230222134430-694fa0700495/go.mod h1:aHqP29TIbaWgcd1DlDCVc+QZZqNE5n13C7BHXHiKS0M=
github.com/EXCCoin/exccd/crypto/ripemd160 v0.0.0-20230222135043-f1a6e2b8d85e h1:xTceQWNcPJr10Ch/DTWHFZMJS3OiOU1VePA4HkHOGnQ=
github.com/EXCCoin/exccd/crypto/ripemd160 v0.0.0-20230222135043-f1a6e2b8d85e/go.mod h1:bLNlDLXx0hrU7NO/4lvWiFLRWA8+DjI0pnS6pUcvvDw=
github.com/EXCCoin/exccd/crypto/ripemd160 v0.0.0-20230320164146-66867c2e20b1 h1:ePNIlr6OyzoZbWvby/o/Kvd5IWbQVrc4H+wBMoLLboM=
github.com/EXCCoin/exccd/crypto/ripemd160 v0.0.0-20230320164146-66867c2e20b1/go.mod h1:bLNlDLXx0hrU7NO/4lvWiFLRWA8+DjI0pnS6pUcvvDw=
github.com/EXCCoin/exccd/crypto/ripemd160 v0.0.0-20230323115008-54fd464d47ba h1:R6jMRgi6A1MNhVpZ5cwwJPhoOxSUpfA0PRfeUlSKwRc=
github.com/EXCCoin/exccd/crypto/ripemd160 v0.0.0-20230323115008-54fd464d47ba/go.mod h1:bLNlDLXx0hrU7NO/4lvWiFLRWA8+DjI0pnS6pUcvvDw=
github.com/EXCCoin/exccd/database/v3 v3.0.0-20230211225306-d2f2c1c04ab7/go.mod h1:8DVXSs+A5Ndvvm7VEoKof6l2i0oyV9I9tWs1EQXUdYg=
github.com/EXCCoin/exccd/database/v3 v3.0.0-20230214161753-df854c54eba6 h1:VO3EOKipQsU6M2HUut6ouOCbeId/BbSDMXXg6ye8s50=
github.com/EXCCoin/exccd/database/v3 v3.0.0-20230214161753-df854c54eba6/go.mod h1:dF6vrt61CQOL9JSdKj5ZQ8W+aisQ2CETquTSzuOQt9w=
github.com/EXCCoin/exccd/database/v3 v3.0.0-20230222133511-27be5a3e13e3/go.mod h1:dF6vrt61CQOL9JSdKj5ZQ8W+aisQ2CETquTSzuOQt9w=
github.com/EXCCoin/exccd/database/v3 v3.0.0-20230222134430-694fa0700495/go.mod h1:dF6vrt61CQOL9JSdKj5ZQ8W+aisQ2CETquTSzuOQt9w=
github.com/EXCCoin/exccd/database/v3 v3.0.0-20230222135043-f1a6e2b8d85e h1:hxr2jSQk7KS3TE3+V0gHlCl20tIxvpbssimckIs84SQ=
github.com/EXCCoin/exccd/database/v3 v3.0.0-20230222135043-f1a6e2b8d85e/go.mod h1:V/cl61Dfx0pvw+/XyjD/kvmuIo7xPTmpCs7F5xVacB4=
github.com/EXCCoin/exccd/database/v3 v3.0.0-20230320164146-66867c2e20b1 h1:ZedVMcV3jib+4xeNMNAVql2amsP4pP+F30HAgfje2fQ=
github.com/EXCCoin/exccd/database/v3 v3.0.0-20230320164146-66867c2e20b1/go.mod h1:V/cl61Dfx0pvw+/XyjD/kvmuIo7xPTmpCs7F5xVacB4=
github.com/EXCCoin/exccd/database/v3 v3.0.0-20230323115008-54fd464d47ba h1:dLCp1IOAulzhayvogJ/0Yum3zOe0iuNNZGNfDk7ihoc=
github.com/EXCCoin/exccd/database/v3 v3.0.0-20230323115008-54fd464d47ba/go.mod h1:V/cl61Dfx0pvw+/XyjD/kvmuIo7xPTmpCs7F5xVacB4=
github.com/EXCCoin/exccd/dcrec v0.0.0-20230211225306-d2f2c1c04ab7/go.mod h1:7rbiErKGJZ8XRgmcBzC09YLEBvSJAWMdxrBhW4WXI4w=
github.com/EXCCoin/exccd/dcrec v0.0.0-20230214161753-df854c54eba6 h1:whlycxzsn9pKGYt++VpwuxkTxWBTiV9laGfgpq4gspI=
github.com/EXCCoin/exccd/dcrec v0.0.0-20230214161753-df854c54eba6/go.mod h1:7rbiErKGJZ8XRgmcBzC09YLEBvSJAWMdxrBhW4WXI4w=
github.com/EXCCoin/exccd/dcrec v0.0.0-20230222133511-27be5a3e13e3/go.mod h1:7rbiErKGJZ8XRgmcBzC09YLEBvSJAWMdxrBhW4WXI4w=
github.com/EXCCoin/exccd/dcrec v0.0.0-20230222134430-694fa0700495/go.mod h1:7rbiErKGJZ8XRgmcBzC09YLEBvSJAWMdxrBhW4WXI4w=
github.com/EXCCoin/exccd/dcrec v0.0.0-20230222135043-f1a6e2b8d85e h1:qrV9IhRORVofg58u8JNbvF/0jWRlUsje6AkNuuQaXaY=
github.com/EXCCoin/exccd/dcrec v0.0.0-20230222135043-f1a6e2b8d85e/go.mod h1:jaEvYZyvFtTRdOq3gwNzW1Ls3Va+ok52apTcLD7pyOE=
github.com/EXCCoin/exccd/dcrec v0.0.0-20230320164146-66867c2e20b1 h1:ffV0K2WYdXgqsZrT0jb361FB/cDC2MQqSlTgbP/zDnY=
github.com/EXCCoin/exccd/dcrec v0.0.0-20230320164146-66867c2e20b1/go.mod h1:jaEvYZyvFtTRdOq3gwNzW1Ls3Va+ok52apTcLD7pyOE=
github.com/EXCCoin/exccd/dcrec v0.0.0-20230323115008-54fd464d47ba h1:7gPSBp1KY8g91vAOg5oG0Lowb9oyCbuUkrhcltsyD+A=
github.com/EXCCoin/exccd/dcrec v0.0.0-20230323115008-54fd464d47ba/go.mod h1:jaEvYZyvFtTRdOq3gwNzW1Ls3Va+ok52apTcLD7pyOE=
github.com/EXCCoin/exccd/dcrec/edwards/v2 v2.0.0-20230211225306-d2f2c1c04ab7/go.mod h1:MlNonvPYgC7ZU/N3xZdUwIxlr127qxOmqL4ag1Ft+AE=
github.com/EXCCoin/exccd/dcrec/edwards/v2 v2.0.0-20230214161753-df854c54eba6 h1:jFp5QSw96kai4jcFfhmYsKreP2ig2VIf7I76T6/nKJo=
github.com/EXCCoin/exccd/dcrec/edwards/v2 v2.0.0-20230214161753-df854c54eba6/go.mod h1:MlNonvPYgC7ZU/N3xZdUwIxlr127qxOmqL4ag1Ft+AE=
github.com/EXCCoin/exccd/dcrec/edwards/v2 v2.0.0-20230222133511-27be5a3e13e3/go.mod h1:MlNonvPYgC7ZU/N3xZdUwIxlr127qxOmqL4ag1Ft+AE=
github.com/EXCCoin/exccd/dcrec/edwards/v2 v2.0.0-20230222134430-694fa0700495/go.mod h1:MlNonvPYgC7ZU/N3xZdUwIxlr127qxOmqL4ag1Ft+AE=
github.com/EXCCoin/exccd/dcrec/edwards/v2 v2.0.0-20230222135043-f1a6e2b8d85e h1:CoSKhzTNYkiCeDLCqMCzRbUT2empmEp/FRRCOW38Mkc=
github.com/EXCCoin/exccd/dcrec/edwards/v2 v2.0.0-20230222135043-f1a6e2b8d85e/go.mod h1:iXj7LWDJurpiMt4QeAsRmRAfMbaCbaLedEkO4YOs/ak=
github.com/EXCCoin/exccd/dcrec/edwards/v2 v2.0.0-20230320164146-66867c2e20b1 h1:7fzNV285Q7wLGNOAXLdEU2Uehc1FpBd3m/zWAPK9DG4=
github.com/EXCCoin/exccd/dcrec/edwards/v2 v2.0.0-20230320164146-66867c2e20b1/go.mod h1:iXj7LWDJurpiMt4QeAsRmRAfMbaCbaLedEkO4YOs/ak=
github.com/EXCCoin/exccd/dcrec/edwards/v2 v2.0.0-20230323115008-54fd464d47ba h1:/OInqlN8mQrO9gilCfjFSePpWjAJ7vhuGFdnFpInUuE=
github.com/EXCCoin/exccd/dcrec/edwards/v2 v2.0.0-20230323115008-54fd464d47ba/go.mod h1:iXj7LWDJurpiMt4QeAsRmRAfMbaCbaLedEkO4YOs/ak=
github.com/EXCCoin/exccd/dcrec/secp256k1/v4 v4.0.0-20230211225306-d2f2c1c04ab7/go.mod h1:JZpGOVIOQe+XBfwcc/OZMGCPkl7ZTxi3E5TT2GWri5s=
github.com/EXCCoin/exccd/dcrec/secp256k1/v4 v4.0.0-20230214161753-df854c54eba6 h1:O60M4ZKRx2ITWMcI26IxlT2EaDWCTvpfyvlpfXeM6g4=
github.com/EXCCoin/exccd/dcrec/secp256k1/v4 v4.0.0-20230214161753-df854c54eba6/go.mod h1:EUqyizTFRSaMIpL8RSOEPwrvR/oQTA05JcI8iQeEeNw=
github.com/EXCCoin/exccd/dcrec/secp256k1/v4 v4.0.0-20230222133511-27be5a3e13e3/go.mod h1:EUqyizTFRSaMIpL8RSOEPwrvR/oQTA05JcI8iQeEeNw=
github.com/EXCCoin/exccd/dcrec/secp256k1/v4 v4.0.0-20230222134430-694fa0700495/go.mod h1:EUqyizTFRSaMIpL8RSOEPwrvR/oQTA05JcI8iQeEeNw=
github.com/EXCCoin/exccd/dcrec/secp256k1/v4 v4.0.0-20230222135043-f1a6e2b8d85e h1:+vq/MlKaoewgb5ktJqQpXaxIB6jzW7KPCRVKrnYp7ys=
github.com/EXCCoin/exccd/dcrec/secp256k1/v4 v4.0.0-20230222135043-f1a6e2b8d85e/go.mod h1:vD1kBtMbVH/KKf5h+3NKI1YfaIuKEX/ffAQ/axBPzcM=
github.com/EXCCoin/exccd/dcrec/secp256k1/v4 v4.0.0-20230320164146-66867c2e20b1 h1:lc1qgVbbERcms0D27YOhyR62rIDV6c9fm3fZlvgw8PQ=
github.com/EXCCoin/exccd/dcrec/secp256k1/v4 v4.0.0-20230320164146-66867c2e20b1/go.mod h1:vD1kBtMbVH/KKf5h+3NKI1YfaIuKEX/ffAQ/axBPzcM=
github.com/EXCCoin/exccd/dcrec/secp256k1/v4 v4.0.0-20230323115008-54fd464d47ba h1:/3wXJffpOXOTfOIR1q3KnwWcPwV4ulH57XQYy0TrS6Q=
github.com/EXCCoin/exccd/dcrec/secp256k1/v4 v4.0.0-20230323115008-54fd464d47ba/go.mod h1:vD1kBtMbVH/KKf5h+3NKI1YfaIuKEX/ffAQ/axBPzcM=
github.com/EXCCoin/exccd/dcrjson/v4 v4.0.0-20230211225306-d2f2c1c04ab7/go.mod h1:eGcm+0Lm+N/9MPXGJTMSfOZOqOy6jPmifScVUVLC3sU=
github.com/EXCCoin/exccd/dcrjson/v4 v4.0.0-20230214161753-df854c54eba6 h1:3ywSKq36zV+o9ZFFofj1xIgrelSvUBHwSZcybN90drc=
github.com/EXCCoin/exccd/dcrjson/v4 v4.0.0-20230214161753-df854c54eba6/go.mod h1:VmejCq4m3a6vBXQPNgAWdpM4yakb30dX6MM0jobtgw8=
github.com/EXCCoin/exccd/dcrjson/v4 v4.0.0-20230222133511-27be5a3e13e3/go.mod h1:VmejCq4m3a6vBXQPNgAWdpM4yakb30dX6MM0jobtgw8=
github.com/EXCCoin/exccd/dcrjson/v4 v4.0.0-20230222134430-694fa0700495/go.mod h1:VmejCq4m3a6vBXQPNgAWdpM4yakb30dX6MM0jobtgw8=
github.com/EXCCoin/exccd/dcrjson/v4 v4.0.0-20230222135043-f1a6e2b8d85e h1:h6L6rBuV3sjlCvTx3AyN4cf4Q6URZt2+++U/htMadsw=
github.com/EXCCoin/exccd/dcrjson/v4 v4.0.0-20230222135043-f1a6e2b8d85e/go.mod h1:9jRjQbVTfbMeg89O+10dnV0GMgYJymtJhJisheFxhoc=
github.com/EXCCoin/exccd/dcrjson/v4 v4.0.0-20230320164146-66867c2e20b1 h1:3XbcervcsizsyyIOsbGsvhnQexwMOsMLJvpDklrxjXc=
github.com/EXCCoin/exccd/dcrjson/v4 v4.0.0-20230320164146-66867c2e20b1/go.mod h1:9jRjQbVTfbMeg89O+10dnV0GMgYJymtJhJisheFxhoc=
github.com/EXCCoin/exccd/dcrjson/v4 v4.0.0-20230323115008-54fd464d47ba h1:FU7ahcSDOlkhBERmOpBEq0Jrs7q3XLMMTVMtc/gJMsw=
github.com/EXCCoin/exccd/dcrjson/v4 v4.0.0-20230323115008-54fd464d47ba/go.mod h1:9jRjQbVTfbMeg89O+10dnV0GMgYJymtJhJisheFxhoc=
github.com/EXCCoin/exccd/dcrutil/v4 v4.0.0-20230211225306-d2f2c1c04ab7/go.mod h1:cv/6WVeZNrgWoT6A7T2X3R62gZRoE4wnLq3VpAppyb8=
github.com/EXCCoin/exccd/dcrutil/v4 v4.0.0-20230214161753-df854c54eba6 h1:EPpPEQt2PWAOu9oXCOFsutOUts04tTqNbEVM0nOJPuA=
github.com/EXCCoin/exccd/dcrutil/v4 v4.0.0-20230214161753-df854c54eba6/go.mod h1:vbapPOATKqUQFF2h9rU5zYTxd12w0Ckct3/U0v8vskc=
github.com/EXCCoin/exccd/dcrutil/v4 v4.0.0-20230222133511-27be5a3e13e3/go.mod h1:vbapPOATKqUQFF2h9rU5zYTxd12w0Ckct3/U0v8vskc=
github.com/EXCCoin/exccd/dcrutil/v4 v4.0.0-20230222134430-694fa0700495/go.mod h1:vbapPOATKqUQFF2h9rU5zYTxd12w0Ckct3/U0v8vskc=
github.com/EXCCoin/exccd/dcrutil/v4 v4.0.0-20230222135043-f1a6e2b8d85e h1:yqSJBdlxS0VvgfGMBsxQWS2dRp+8SwetqeddQyIl+No=
github.com/EXCCoin/exccd/dcrutil/v4 v4.0.0-20230222135043-f1a6e2b8d85e/go.mod h1:GwsT3tQ8aWe7b0elpf2VqtknhexAEiK/U5KAmeX6oOo=
github.com/EXCCoin/exccd/dcrutil/v4 v4.0.0-20230320164146-66867c2e20b1 h1:YOb+DY5ohtc/zXCZFknS2NYiOPP7WiKvZXflBvDRP0g=
github.com/EXCCoin/exccd/dcrutil/v4 v4.0.0-20230320164146-66867c2e20b1/go.mod h1:GwsT3tQ8aWe7b0elpf2VqtknhexAEiK/U5KAmeX6oOo=
github.com/EXCCoin/exccd/dcrutil/v4 v4.0.0-20230323115008-54fd464d47ba h1:h3GQN0e4IIU1oIl37kYUbyduJ23WYhpcW4EhxUtqYW4=
github.com/EXCCoin/exccd/dcrutil/v4 v4.0.0-20230323115008-54fd464d47ba/go.mod h1:GwsT3tQ8aWe7b0elpf2VqtknhexAEiK/U5KAmeX6oOo=
github.com/EXCCoin/exccd/gcs/v3 v3.0.0-20230211225306-d2f2c1c04ab7/go.mod h1:jVO6WRBMUeOVIPCVocWwTsG9SugpwUjC/g3/3fw9l2M=
github.com/EXCCoin/exccd/gcs/v3 v3.0.0-20230214161753-df854c54eba6 h1:a2hfEWIjb5k0fHabWmdyiJO7N52T5zpm5oHzx+n4Sbo=
github.com/EXCCoin/exccd/gcs/v3 v3.0.0-20230214161753-df854c54eba6/go.mod h1:li8c5OvndclKakTjHE29CP1FmaggSxI0+dsSZeektDI=
github.com/EXCCoin/exccd/gcs/v3 v3.0.0-20230222133511-27be5a3e13e3/go.mod h1:li8c5OvndclKakTjHE29CP1FmaggSxI0+dsSZeektDI=
github.com/EXCCoin/exccd/gcs/v3 v3.0.0-20230222134430-694fa0700495/go.mod h1:li8c5OvndclKakTjHE29CP1FmaggSxI0+dsSZeektDI=
github.com/EXCCoin/exccd/gcs/v3 v3.0.0-20230222135043-f1a6e2b8d85e h1:/LhH6zX23SupWoHzQHruAnJ3F3DB1yRqcwT4Fqd1r54=
github.com/EXCCoin/exccd/gcs/v3 v3.0.0-20230222135043-f1a6e2b8d85e/go.mod h1:YcVBs6I0uGpBspsK67DwSO/3gnyMG7wPHCoGszZwtwg=
github.com/EXCCoin/exccd/gcs/v3 v3.0.0-20230320164146-66867c2e20b1 h1:az7c0g3JKwXaY4TKbbjXvYqiwCFixTz9c0/yFIkWPgU=
github.com/EXCCoin/exccd/gcs/v3 v3.0.0-20230320164146-66867c2e20b1/go.mod h1:YcVBs6I0uGpBspsK67DwSO/3gnyMG7wPHCoGszZwtwg=
github.com/EXCCoin/exccd/gcs/v3 v3.0.0-20230323115008-54fd464d47ba h1:FJ7oU6gFqz/uDnumai78ZOObWKN8AwVoSlKxeHVjB18=
github.com/EXCCoin/exccd/gcs/v3 v3.0.0-20230323115008-54fd464d47ba/go.mod h1:YcVBs6I0uGpBspsK67DwSO/3gnyMG7wPHCoGszZwtwg=
github.com/EXCCoin/exccd/hdkeychain/v3 v3.0.0-20230211225306-d2f2c1c04ab7/go.mod h1:bFfGoy5Tj4cOKWBG+Mo03eHCjxY/aNdRENCUrIjNol8=
github.com/EXCCoin/exccd/hdkeychain/v3 v3.0.0-20230212114142-46d4795f2f82 h1:Q0rJpHG5sv1vc1mcxhdLYHQvRCgGqRA86ofEQoq6Xt8=
github.com/EXCCoin/exccd/hdkeychain/v3 v3.0.0-20230212114142-46d4795f2f82/go.mod h1:4aKBUrarjucYnpAVqEG4cpC/dqyyu10apUPz84AeT5Y=
github.com/EXCCoin/exccd/hdkeychain/v3 v3.0.0-20230222133511-27be5a3e13e3/go.mod h1:1lkkvJsiBdpoWXte3x5MoJSsP+X4aRUkM/wTeZnUPjQ=
github.com/EXCCoin/exccd/hdkeychain/v3 v3.0.0-20230222135043-f1a6e2b8d85e h1:iUD9UVmhJREGs5dP9nAUlQjO3bohVIjBNAYAPtaUTqk=
github.com/EXCCoin/exccd/hdkeychain/v3 v3.0.0-20230222135043-f1a6e2b8d85e/go.mod h1:Otbju9eDJOhqYcWT6D27k8X2Fk9lP6xqQKknZkW++CY=
github.com/EXCCoin/exccd/lru v0.0.0-20230211225306-d2f2c1c04ab7/go.mod h1:+ie7yw1FJMFFjIBeCZFT5pjwlDt7fsGkl4MiNMNNgaU=
github.com/EXCCoin/exccd/lru v0.0.0-20230222133511-27be5a3e13e3/go.mod h1:+ie7yw1FJMFFjIBeCZFT5pjwlDt7fsGkl4MiNMNNgaU=
github.com/EXCCoin/exccd/lru v0.0.0-20230222134430-694fa0700495/go.mod h1:+ie7yw1FJMFFjIBeCZFT5pjwlDt7fsGkl4MiNMNNgaU=
github.com/EXCCoin/exccd/lru v0.0.0-20230320164146-66867c2e20b1 h1:8I3yHzNlbNxDUYy/Jx13VjOqLqtIiZgdNjFa4Q4LL0Y=
github.com/EXCCoin/exccd/lru v0.0.0-20230320164146-66867c2e20b1/go.mod h1:WoZrSMlnrU86YmxFt0mt19afUp+/IiS3VfN1ik2nK14=
github.com/EXCCoin/exccd/lru v0.0.0-20230323115008-54fd464d47ba h1:npD9EcqGg5NwhjCw5qPAzZukdsmB1hGelUR4M5/euu8=
github.com/EXCCoin/exccd/lru v0.0.0-20230323115008-54fd464d47ba/go.mod h1:WoZrSMlnrU86YmxFt0mt19afUp+/IiS3VfN1ik2nK14=
github.com/EXCCoin/exccd/math/uint256 v0.0.0-20230211225306-d2f2c1c04ab7/go.mod h1:U2/X2D3avM9VELcUj3KbWvcwKV6tUQGbjZQhRp+fpSQ=
github.com/EXCCoin/exccd/math/uint256 v0.0.0-20230222133511-27be5a3e13e3/go.mod h1:U2/X2D3avM9VELcUj3KbWvcwKV6tUQGbjZQhRp+fpSQ=
github.com/EXCCoin/exccd/peer/v3 v3.0.0-20230211225306-d2f2c1c04ab7/go.mod h1:gZR+p46yHGBor4F5+WBz9bC2nPZTnzR2vuMsHmqzmaU=
github.com/EXCCoin/exccd/peer/v3 v3.0.0-20230222133511-27be5a3e13e3/go.mod h1:qBsTLQvXGhCIPTVOAyAc/La0ERfaExBhSarxpPeArhI=
github.com/EXCCoin/exccd/peer/v3 v3.0.0-20230222134430-694fa0700495/go.mod h1:qBsTLQvXGhCIPTVOAyAc/La0ERfaExBhSarxpPeArhI=
github.com/EXCCoin/exccd/peer/v3 v3.0.0-20230320164146-66867c2e20b1 h1:f81nDF8PW3gqoWNOxsEPb0qH31wFA10giXZsN2QZvgs=
github.com/EXCCoin/exccd/peer/v3 v3.0.0-20230320164146-66867c2e20b1/go.mod h1:BaJVNpOvGJ4e5bcfUb81WCtP1uV85BDMN2sZZQ4xjA4=
github.com/EXCCoin/exccd/peer/v3 v3.0.0-20230323115008-54fd464d47ba h1:DCyhMoKrw+acCfq+4P2YpSVMDm2YIx4zYule8a1O1TM=
github.com/EXCCoin/exccd/peer/v3 v3.0.0-20230323115008-54fd464d47ba/go.mod h1:BaJVNpOvGJ4e5bcfUb81WCtP1uV85BDMN2sZZQ4xjA4=
github.com/EXCCoin/exccd/rpc/jsonrpc/types/v3 v3.0.0-20230211225306-d2f2c1c04ab7/go.mod h1:Cbe46xQk1A4vzymLLwHuTT+IElHheJZeHCPsrdr+t80=
github.com/EXCCoin/exccd/rpc/jsonrpc/types/v3 v3.0.0-20230214161753-df854c54eba6 h1:o97faNJubbZLIlvl7/fE3/U6OjztSwFP39LexR0n93E=
github.com/EXCCoin/exccd/rpc/jsonrpc/types/v3 v3.0.0-20230214161753-df854c54eba6/go.mod h1:j/E8Y5oYHQudKs2qlETAlyF46/8Wc4+FBvwyTUApKxE=
github.com/EXCCoin/exccd/rpc/jsonrpc/types/v3 v3.0.0-20230222133511-27be5a3e13e3/go.mod h1:j/E8Y5oYHQudKs2qlETAlyF46/8Wc4+FBvwyTUApKxE=
github.com/EXCCoin/exccd/rpc/jsonrpc/types/v3 v3.0.0-20230222134430-694fa0700495/go.mod h1:j/E8Y5oYHQudKs2qlETAlyF46/8Wc4+FBvwyTUApKxE=
github.com/EXCCoin/exccd/rpc/jsonrpc/types/v3 v3.0.0-20230222135043-f1a6e2b8d85e h1:7gaHY1oypdXyFgXLIsoxhAq/fV0asnqG6nLdZQw5NyY=
github.com/EXCCoin/exccd/rpc/jsonrpc/types/v3 v3.0.0-20230222135043-f1a6e2b8d85e/go.mod h1:H49FqhycjCL9On2mgvyt7Fzo0rndJZQvzgJjpWd2oBc=
github.com/EXCCoin/exccd/rpc/jsonrpc/types/v3 v3.0.0-20230320164146-66867c2e20b1 h1:Iqz3Jie2az/E8J79SwGy2ypypxNN4KdTiQhisQLdHZE=
github.com/EXCCoin/exccd/rpc/jsonrpc/types/v3 v3.0.0-20230320164146-66867c2e20b1/go.mod h1:H49FqhycjCL9On2mgvyt7Fzo0rndJZQvzgJjpWd2oBc=
github.com/EXCCoin/exccd/rpc/jsonrpc/types/v3 v3.0.0-20230323115008-54fd464d47ba h1:li6Qpf5rCz37T9CXfHqsl2Pdn4vmuFnDCD2yf62FFTE=
github.com/EXCCoin/exccd/rpc/jsonrpc/types/v3 v3.0.0-20230323115008-54fd464d47ba/go.mod h1:H49FqhycjCL9On2mgvyt7Fzo0rndJZQvzgJjpWd2oBc=
github.com/EXCCoin/exccd/rpcclient/v7 v7.0.0-20230211225306-d2f2c1c04ab7/go.mod h1:CvHudGoKvKbK64qBL7U171fegshWDi0BU5/5cmQGc3I=
github.com/EXCCoin/exccd/rpcclient/v7 v7.0.0-20230212114142-46d4795f2f82 h1:grU/Agja8WgeyfJisl4ZX7Wm7ItRG8J4HMPR6YMhO1U=
github.com/EXCCoin/exccd/rpcclient/v7 v7.0.0-20230212114142-46d4795f2f82/go.mod h1:H0s/p2+Ed5ld4s0TQoHL9ZqMm3OAXSvwIAzV2Grsk/8=
github.com/EXCCoin/exccd/rpcclient/v7 v7.0.0-20230222133511-27be5a3e13e3 h1:utpBWe//dRG3TyIF13lzF8VFcpi4WFC/vbxSDn5vx/Y=
github.com/EXCCoin/exccd/rpcclient/v7 v7.0.0-20230222133511-27be5a3e13e3/go.mod h1:SUHhCLWfb82W+PzqXg4JtAx2aYivNhEUf3/oWRWc20M=
github.com/EXCCoin/exccd/txscript/v4 v4.0.0-20230211225306-d2f2c1c04ab7/go.mod h1:uwHzVSsqy6pHCawMW8PjLYig7e3NGwFHqbLKXKluCkY=
github.com/EXCCoin/exccd/txscript/v4 v4.0.0-20230214161753-df854c54eba6 h1:FvVmDpwgB+h8kZVXuaLKZaNq6FeuWxAoJiCNmhVUHs8=
github.com/EXCCoin/exccd/txscript/v4 v4.0.0-20230214161753-df854c54eba6/go.mod h1:pYGKm1xXM41xIu4D7TaID9ZX0hppWlLfL3tVw0eUVHM=
github.com/EXCCoin/exccd/txscript/v4 v4.0.0-20230222133511-27be5a3e13e3/go.mod h1:pYGKm1xXM41xIu4D7TaID9ZX0hppWlLfL3tVw0eUVHM=
github.com/EXCCoin/exccd/txscript/v4 v4.0.0-20230222134430-694fa0700495/go.mod h1:pYGKm1xXM41xIu4D7TaID9ZX0hppWlLfL3tVw0eUVHM=
github.com/EXCCoin/exccd/txscript/v4 v4.0.0-20230222135043-f1a6e2b8d85e h1:IfRZhn/qCTbGsKV5paIwEhHq62hDLTk2rbtNue0FSZo=
github.com/EXCCoin/exccd/txscript/v4 v4.0.0-20230222135043-f1a6e2b8d85e/go.mod h1:cjAOKO/UMucyrz13bK2mGBoz1EIewENPVjmOI5gbsRU=
github.com/EXCCoin/exccd/txscript/v4 v4.0.0-20230320164146-66867c2e20b1 h1:m3meZHKrSif44tBiXXQi2m1LZVHeCyu1AA7PYUUVBto=
github.com/EXCCoin/exccd/txscript/v4 v4.0.0-20230320164146-66867c2e20b1/go.mod h1:cjAOKO/UMucyrz13bK2mGBoz1EIewENPVjmOI5gbsRU=
github.com/EXCCoin/exccd/txscript/v4 v4.0.0-20230323115008-54fd464d47ba h1:sPbl6KAsaI94JK8I35STHYZ83Fkw5UEdAQ0tJPD293Y=
github.com/EXCCoin/exccd/txscript/v4 v4.0.0-20230323115008-54fd464d47ba/go.mod h1:cjAOKO/UMucyrz13bK2mGBoz1EIewENPVjmOI5gbsRU=
github.com/EXCCoin/exccd/wire v0.0.0-20230211225306-d2f2c1c04ab7/go.mod h1:t749GfscEfBEITr5QKVVWH8Fgfg3VD4vYzMSDdBsg7Y=
github.com/EXCCoin/exccd/wire v0.0.0-20230212114142-46d4795f2f82/go.mod h1:el5FLbXOcf7c23bJEl29h8Anj9jMTHp/yhJTBs9Nf8E=
github.com/EXCCoin/exccd/wire v0.0.0-20230214161233-275859970533/go.mod h1:el5FLbXOcf7c23bJEl29h8Anj9jMTHp/yhJTBs9Nf8E=
github.com/EXCCoin/exccd/wire v0.0.0-20230214161753-df854c54eba6 h1:msNZ2AFlRkNAN9+YBKTQx1ock9WERqnKF4aHbg7JJAA=
github.com/EXCCoin/exccd/wire v0.0.0-20230214161753-df854c54eba6/go.mod h1:Ful+jkeQxfQZB7I2NjeWCe7xXaH5U0BI6Fo6u6uujRk=
github.com/EXCCoin/exccd/wire v0.0.0-20230222133511-27be5a3e13e3/go.mod h1:Ful+jkeQxfQZB7I2NjeWCe7xXaH5U0BI6Fo6u6uujRk=
github.com/EXCCoin/exccd/wire v0.0.0-20230222134430-694fa0700495/go.mod h1:Ful+jkeQxfQZB7I2NjeWCe7xXaH5U0BI6Fo6u6uujRk=
github.com/EXCCoin/exccd/wire v0.0.0-20230222135043-f1a6e2b8d85e h1:c3O8bWYrR1cd//3V0PAgrBx7/raul77klYAflM1HRk8=
github.com/EXCCoin/exccd/wire v0.0.0-20230222135043-f1a6e2b8d85e/go.mod h1:jEj0fx78IZGFDsZW87iPXrhLiyB3g18t/N32YsunNnM=
github.com/EXCCoin/exccd/wire v0.0.0-20230320164146-66867c2e20b1 h1:PUk/AOaQIrt30eJCC91QeT59WEBXQ4xViaa7pDmX4So=
github.com/EXCCoin/exccd/wire v0.0.0-20230320164146-66867c2e20b1/go.mod h1:jEj0fx78IZGFDsZW87iPXrhLiyB3g18t/N32YsunNnM=
github.com/EXCCoin/exccd/wire v0.0.0-20230323115008-54fd464d47ba h1:pi/Xm2ugrxX7mahhCmJYDqXpuTxgE/yCCvZLDxvxrf4=
github.com/EXCCoin/exccd/wire v0.0.0-20230323115008-54fd464d47ba/go.mod h1:jEj0fx78IZGFDsZW87iPXrhLiyB3g18t/N32YsunNnM=
github.com/agl/ed25519 v0.0.0-20170116200512-5312a6153412 h1:w1UutsfOrms1J05zt7ISrnJIXKzwaspym5BTKGx93EI=
github.com/agl/ed25519 v0.0.0-20170116200512-5312a6153412/go.mod h1:WPjqKcmVOxf0XSf3YxCJs6N6AOSrOx3obionmG7T0y0=
github.com/companyzero/sntrup4591761 v0.0.0-20200131011700-2b0d299dbd22/go.mod h1:LoZJNGDWmVPqMEHmeJzj4Weq4Stjc6FKY6FVpY3Hem0=
github.com/companyzero/sntrup4591761 v0.0.0-20220309191932-9e0f3af2f07a h1:clYxJ3Os0EQUKDDVU8M0oipllX0EkuFNBfhVQuIfyF0=
github.com/companyzero/sntrup4591761 v0.0.0-20220309191932-9e0f3af2f07a/go.mod h1:z/9Ck1EDixEbBbZ2KH2qNHekEmDLTOZ+FyoIPWWSVOI=
github.com/davecgh/go-spew v1.1.1 h1:vj9j/u1bqnvCEfJOwUhtlOARqs3+rkHYY13jYWTU97c=
github.com/davecgh/go-spew v1.1.1/go.mod h1:J7Y8YcW2NihsgmVo/mv3lAwl/skON4iLHjSsI+c5H38=
github.com/dchest/siphash v1.2.2/go.mod h1:q+IRvb2gOSrUnYoPqHiyHXS0FOBBOdl6tONBlVnOnt4=
github.com/dchest/siphash v1.2.3 h1:QXwFc8cFOR2dSa/gE6o/HokBMWtLUaNDVd+22aKHeEA=
github.com/dchest/siphash v1.2.3/go.mod h1:0NvQU092bT0ipiFN++/rXm69QG9tVxLAlQHIXMPAkHc=
github.com/decred/go-socks v1.1.0 h1:dnENcc0KIqQo3HSXdgboXAHgqsCIutkqq6ntQjYtm2U=
github.com/decred/go-socks v1.1.0/go.mod h1:sDhHqkZH0X4JjSa02oYOGhcGHYp12FsY1jQ/meV8md0=
github.com/decred/slog v1.2.0 h1:soHAxV52B54Di3WtKLfPum9OFfWqwtf/ygf9njdfnPM=
github.com/decred/slog v1.2.0/go.mod h1:kVXlGnt6DHy2fV5OjSeuvCJ0OmlmTF6LFpEPMu/fOY0=
github.com/fsnotify/fsnotify v1.4.7/go.mod h1:jwhsz4b93w/PPRr/qN1Yymfu8t87LnFCMoQvtojpjFo=
github.com/fsnotify/fsnotify v1.4.9/go.mod h1:znqG4EE+3YCdAaPaxE2ZRY/06pZUdp0tY4IgpuI1SZQ=
github.com/golang/protobuf v1.2.0/go.mod h1:6lQm79b+lXiMfvg/cZm0SGofjICqVBUtrP5yJMmIC1U=
github.com/golang/protobuf v1.4.0-rc.1/go.mod h1:ceaxUfeHdC40wWswd/P6IGgMaK3YpKi5j83Wpe3EHw8=
github.com/golang/protobuf v1.4.0-rc.1.0.20200221234624-67d41d38c208/go.mod h1:xKAWHe0F5eneWXFV3EuXVDTCmh+JuBKY0li0aMyXATA=
github.com/golang/protobuf v1.4.0-rc.2/go.mod h1:LlEzMj4AhA7rCAGe4KMBDvJI+AwstrUpVNzEA03Pprs=
github.com/golang/protobuf v1.4.0-rc.4.0.20200313231945-b860323f09d0/go.mod h1:WU3c8KckQ9AFe+yFwt9sWVRKCVIyN9cPHBJSNnbL67w=
github.com/golang/protobuf v1.4.0/go.mod h1:jodUvKwWbYaEsadDk5Fwe5c77LiNKVO9IDvqG2KuDX0=
github.com/golang/protobuf v1.4.2/go.mod h1:oDoupMAO8OvCJWAcko0GGGIgR6R6ocIYbsSw735rRwI=
github.com/golang/protobuf v1.5.0/go.mod h1:FsONVRAS9T7sI+LIUmWTfcYkHO4aIWwzhcaSAoJOfIk=
github.com/golang/protobuf v1.5.2 h1:ROPKBNFfQgOUMifHyP+KYbvpjbdoFNs+aK7DXlji0Tw=
github.com/golang/protobuf v1.5.2/go.mod h1:XVQd3VNwM+JqD3oG2Ue2ip4fOMUkwXdXDdiuN0vRsmY=
github.com/golang/snappy v0.0.4 h1:yAGX7huGHXlcLOEtBnF4w7FQwA26wojNCwOYAEhLjQM=
github.com/golang/snappy v0.0.4/go.mod h1:/XxbfmMg8lxefKM7IXC3fBNl/7bRcc72aCRzEWrmP2Q=
github.com/google/go-cmp v0.3.0/go.mod h1:8QqcDgzrUqlUb/G2PQTWiueGozuR1884gddMywk6iLU=
github.com/google/go-cmp v0.3.1/go.mod h1:8QqcDgzrUqlUb/G2PQTWiueGozuR1884gddMywk6iLU=
github.com/google/go-cmp v0.4.0/go.mod h1:v8dTdLbMG2kIc/vJvl+f65V22dbkXbowE6jgT/gNBxE=
github.com/google/go-cmp v0.5.5/go.mod h1:v8dTdLbMG2kIc/vJvl+f65V22dbkXbowE6jgT/gNBxE=
github.com/google/go-cmp v0.5.9 h1:O2Tfq5qg4qc4AmwVlvv0oLiVAGB7enBSJ2x2DqQFi38=
github.com/gorilla/websocket v1.4.1/go.mod h1:YR8l580nyteQvAITg2hZ9XVh4b55+EU/adAjf1fMHhE=
github.com/gorilla/websocket v1.4.2/go.mod h1:YR8l580nyteQvAITg2hZ9XVh4b55+EU/adAjf1fMHhE=
github.com/gorilla/websocket v1.5.0 h1:PPwGk2jz7EePpoHN/+ClbZu8SPxiqlu12wZP/3sWmnc=
github.com/gorilla/websocket v1.5.0/go.mod h1:YR8l580nyteQvAITg2hZ9XVh4b55+EU/adAjf1fMHhE=
github.com/hpcloud/tail v1.0.0/go.mod h1:ab1qPbhIpdTxEkNHXyeSf5vhxWSCs/tWer42PpOxQnU=
github.com/jessevdk/go-flags v1.4.0/go.mod h1:4FA24M0QyGHXBuZZK/XkWh8h0e1EYbRYJSGM75WSRxI=
github.com/jessevdk/go-flags v1.5.0 h1:1jKYvbxEjfUl0fmqTCOfonvskHHXMjBySTLW4y9LFvc=
github.com/jessevdk/go-flags v1.5.0/go.mod h1:Fw0T6WPc1dYxT4mKEZRfG5kJhaTDP9pj1c2EWnYs/m4=
github.com/jrick/bitset v1.0.0 h1:Ws0PXV3PwXqWK2n7Vz6idCdrV/9OrBXgHEJi27ZB9Dw=
github.com/jrick/bitset v1.0.0/go.mod h1:ZOYB5Uvkla7wIEY4FEssPVi3IQXa02arznRaYaAEPe4=
github.com/jrick/logrotate v1.0.0 h1:lQ1bL/n9mBNeIXoTUoYRlK4dHuNJVofX9oWqBtPnSzI=
github.com/jrick/logrotate v1.0.0/go.mod h1:LNinyqDIJnpAur+b8yyulnQw/wDuN1+BYKlTRt3OuAQ=
github.com/jrick/wsrpc/v2 v2.3.4/go.mod h1:XPYs8BnRWl99lCvXRM5SLpZmTPqWpSOPkDIqYTwDPfU=
github.com/jrick/wsrpc/v2 v2.3.5 h1:CwdycaR/df09iGkPMXs1FxqAHMCQbdAiTGoHfOrtuds=
github.com/jrick/wsrpc/v2 v2.3.5/go.mod h1:7oBeDM/xMF6Yqy4GDAjpppuOf1hm6lWsaG3EaMrm+aA=
github.com/mattn/go-pointer v0.0.1 h1:n+XhsuGeVO6MEAp7xyEukFINEa+Quek5psIR/ylA6o0=
github.com/mattn/go-pointer v0.0.1/go.mod h1:2zXcozF6qYGgmsG+SeTZz3oAbFLdD3OWqnUbNvJZAlc=
github.com/nxadm/tail v1.4.4/go.mod h1:kenIhsEOeOJmVchQTgglprH7qJGnHDVpk1VPCcaMI8A=
github.com/onsi/ginkgo v1.6.0/go.mod h1:lLunBs/Ym6LB5Z9jYTR76FiuTmxDTDusOGeTQH+WWjE=
github.com/onsi/ginkgo v1.12.1/go.mod h1:zj2OWP4+oCPe1qIXoGWkgMRwljMUYCdkwsT2108oapk=
github.com/onsi/ginkgo v1.14.0/go.mod h1:iSB4RoI2tjJc9BBv4NKIKWKya62Rps+oPG/Lv9klQyY=
github.com/onsi/gomega v1.7.1/go.mod h1:XdKZgCCFLUoM/7CFJVPcG8C1xQ1AJ0vpAezJrB7JYyY=
github.com/onsi/gomega v1.10.1/go.mod h1:iN09h71vgCQne3DLsj+A5owkum+a2tYe+TOCB1ybHNo=
github.com/pmezard/go-difflib v1.0.0 h1:4DBwDE0NGyQoBHbLQYPwSUPoCMWR5BEzIk/f1lZbAQM=
github.com/stretchr/testify v1.8.1 h1:w7B6lhMri9wdJUVmEZPGGhZzrYTPvgJArz7wNPgYKsk=
github.com/syndtr/goleveldb v1.0.1-0.20210819022825-2ae1ddf74ef7 h1:epCh84lMvA70Z7CTTCmYQn2CKbY8j86K7/FAIr141uY=
github.com/syndtr/goleveldb v1.0.1-0.20210819022825-2ae1ddf74ef7/go.mod h1:q4W45IWZaF22tdD+VEXcAWRA037jwmWEB5VWYORlTpc=
github.com/yuin/goldmark v1.4.13/go.mod h1:6yULJ656Px+3vBD8DxQVa3kxgyrAnzto9xy5taEt/CY=
go.etcd.io/bbolt v1.3.7 h1:j+zJOnnEjF/kyHlDDgGnVL/AIqIJPq8UoB2GSNfkUfQ=
go.etcd.io/bbolt v1.3.7/go.mod h1:N9Mkw9X8x5fupy0IKsmuqVtoGDyxsaDlbk4Rd05IAQw=
golang.org/x/crypto v0.0.0-20190308221718-c2843e01d9a2/go.mod h1:djNgcEr1/C05ACkg1iLfiJU5Ep61QUkGW8qpdssI0+w=
golang.org/x/crypto v0.0.0-20200622213623-75b288015ac9/go.mod h1:LzIPMQfyMNhhGPhUkYOs5KpL4U8rLKemX1yGLhDgUto=
golang.org/x/crypto v0.0.0-20210711020723-a769d52b0f97/go.mod h1:GvvjBRRGRdwPK5ydBHafDWAxML/pGHZbMvKqRZ5+Abc=
golang.org/x/crypto v0.0.0-20210921155107-089bfa567519/go.mod h1:GvvjBRRGRdwPK5ydBHafDWAxML/pGHZbMvKqRZ5+Abc=
golang.org/x/crypto v0.5.0/go.mod h1:NK/OQwhpMQP3MwtdjgLlYHnH9ebylxKWv3e0fK+mkQU=
golang.org/x/crypto v0.6.0 h1:qfktjS5LUO+fFKeJXZ+ikTRijMmljikvG68fpMMruSc=
golang.org/x/crypto v0.6.0/go.mod h1:OFC/31mSvZgRz0V1QTNCzfAI1aIRzbiufJtkMIlEp58=
golang.org/x/crypto v0.7.0 h1:AvwMYaRytfdeVt3u6mLaxYtErKYjxA2OXjJ1HHq6t3A=
golang.org/x/crypto v0.7.0/go.mod h1:pYwdfH91IfpZVANVyUOhSIPZaFoJGxTFbZhFTx+dXZU=
golang.org/x/mod v0.6.0-dev.0.20220419223038-86c51ed26bb4/go.mod h1:jJ57K6gSWd91VN4djpZkiMVwK6gcyfeH4XE8wZrZaV4=
golang.org/x/net v0.0.0-20180906233101-161cd47e91fd/go.mod h1:mL1N/T3taQHkDXs73rZJwtUhF3w3ftmwwsq0BUmARs4=
golang.org/x/net v0.0.0-20190404232315-eb5bcb51f2a3/go.mod h1:t9HGtf8HONx5eT2rtn7q6eTqICYqUVnKs3thJo3Qplg=
golang.org/x/net v0.0.0-20190620200207-3b0461eec859/go.mod h1:z5CRVTTTmAJ677TzLLGU+0bjPO0LkuOLi4/5GtJWs/s=
golang.org/x/net v0.0.0-20200520004742-59133d7f0dd7/go.mod h1:qpuaurCH72eLCgpAm/N6yyVIVM9cpaDIP3A8BGJEC5A=
golang.org/x/net v0.0.0-20200813134508-3edf25e44fcc/go.mod h1:/O7V0waA8r7cgGh81Ro3o1hOxt32SMVPicZroKQ2sZA=
golang.org/x/net v0.0.0-20210226172049-e18ecbb05110/go.mod h1:m0MpNAwzfU5UDzcl9v0D8zg8gWTRqZa9RBIspLL5mdg=
golang.org/x/net v0.0.0-20220722155237-a158d28d115b/go.mod h1:XRhObCWvk6IyKnWLug+ECip1KBveYUHfp+8e9klMJ9c=
golang.org/x/net v0.5.0/go.mod h1:DivGGAXEgPSlEBzxGzZI+ZLohi+xUj054jfeKui00ws=
golang.org/x/net v0.6.0 h1:L4ZwwTvKW9gr0ZMS1yrHD9GZhIuVjOBBnaKH+SPQK0Q=
golang.org/x/net v0.6.0/go.mod h1:2Tu9+aMcznHK/AK1HMvgo6xiTLG5rD5rZLDS+rp2Bjs=
golang.org/x/net v0.7.0 h1:rJrUqqhjsgNp7KqAIc25s9pZnjU7TUcSY7HcVZjdn1g=
golang.org/x/net v0.7.0/go.mod h1:2Tu9+aMcznHK/AK1HMvgo6xiTLG5rD5rZLDS+rp2Bjs=
golang.org/x/net v0.8.0 h1:Zrh2ngAOFYneWTAIAPethzeaQLuHwhuBkuV6ZiRnUaQ=
golang.org/x/net v0.8.0/go.mod h1:QVkue5JL9kW//ek3r6jTKnTFis1tRmNAW2P1shuFdJc=
golang.org/x/sync v0.0.0-20180314180146-1d60e4601c6f/go.mod h1:RxMgew5VJxzue5/jJTE5uejpjVlOe/izrB70Jof72aM=
golang.org/x/sync v0.0.0-20190423024810-112230192c58/go.mod h1:RxMgew5VJxzue5/jJTE5uejpjVlOe/izrB70Jof72aM=
golang.org/x/sync v0.0.0-20210220032951-036812b2e83c/go.mod h1:RxMgew5VJxzue5/jJTE5uejpjVlOe/izrB70Jof72aM=
golang.org/x/sync v0.0.0-20220722155255-886fb9371eb4/go.mod h1:RxMgew5VJxzue5/jJTE5uejpjVlOe/izrB70Jof72aM=
golang.org/x/sync v0.1.0 h1:wsuoTGHzEhffawBOhz5CYhcrV4IdKZbEyZjBMuTp12o=
golang.org/x/sync v0.1.0/go.mod h1:RxMgew5VJxzue5/jJTE5uejpjVlOe/izrB70Jof72aM=
golang.org/x/sys v0.0.0-20180909124046-d0be0721c37e/go.mod h1:STP8DvDyc/dI5b8T5hshtkjS+E42TnysNCUPdjciGhY=
golang.org/x/sys v0.0.0-20190215142949-d0b11bdaac8a/go.mod h1:STP8DvDyc/dI5b8T5hshtkjS+E42TnysNCUPdjciGhY=
golang.org/x/sys v0.0.0-20190412213103-97732733099d/go.mod h1:h1NjWce9XRLGQEsW7wpKNCjG9DtNlClVuFLEZdDNbEs=
golang.org/x/sys v0.0.0-20190904154756-749cb33beabd/go.mod h1:h1NjWce9XRLGQEsW7wpKNCjG9DtNlClVuFLEZdDNbEs=
golang.org/x/sys v0.0.0-20191005200804-aed5e4c7ecf9/go.mod h1:h1NjWce9XRLGQEsW7wpKNCjG9DtNlClVuFLEZdDNbEs=
golang.org/x/sys v0.0.0-20191120155948-bd437916bb0e/go.mod h1:h1NjWce9XRLGQEsW7wpKNCjG9DtNlClVuFLEZdDNbEs=
golang.org/x/sys v0.0.0-20200323222414-85ca7c5b95cd/go.mod h1:h1NjWce9XRLGQEsW7wpKNCjG9DtNlClVuFLEZdDNbEs=
golang.org/x/sys v0.0.0-20200519105757-fe76b779f299/go.mod h1:h1NjWce9XRLGQEsW7wpKNCjG9DtNlClVuFLEZdDNbEs=
golang.org/x/sys v0.0.0-20200814200057-3d37ad5750ed/go.mod h1:h1NjWce9XRLGQEsW7wpKNCjG9DtNlClVuFLEZdDNbEs=
golang.org/x/sys v0.0.0-20201119102817-f84b799fce68/go.mod h1:h1NjWce9XRLGQEsW7wpKNCjG9DtNlClVuFLEZdDNbEs=
golang.org/x/sys v0.0.0-20210320140829-1e4c9ba3b0c4/go.mod h1:h1NjWce9XRLGQEsW7wpKNCjG9DtNlClVuFLEZdDNbEs=
golang.org/x/sys v0.0.0-20210615035016-665e8c7367d1/go.mod h1:oPkhp1MJrh7nUepCBck5+mAzfO9JrbApNNgaTdGDITg=
golang.org/x/sys v0.0.0-20220520151302-bc2c85ada10a/go.mod h1:oPkhp1MJrh7nUepCBck5+mAzfO9JrbApNNgaTdGDITg=
golang.org/x/sys v0.0.0-20220722155257-8c9f86f7a55f/go.mod h1:oPkhp1MJrh7nUepCBck5+mAzfO9JrbApNNgaTdGDITg=
golang.org/x/sys v0.4.0/go.mod h1:oPkhp1MJrh7nUepCBck5+mAzfO9JrbApNNgaTdGDITg=
golang.org/x/sys v0.5.0 h1:MUK/U/4lj1t1oPg0HfuXDN/Z1wv31ZJ/YcPiGccS4DU=
golang.org/x/sys v0.5.0/go.mod h1:oPkhp1MJrh7nUepCBck5+mAzfO9JrbApNNgaTdGDITg=
golang.org/x/sys v0.6.0 h1:MVltZSvRTcU2ljQOhs94SXPftV6DCNnZViHeQps87pQ=
golang.org/x/sys v0.6.0/go.mod h1:oPkhp1MJrh7nUepCBck5+mAzfO9JrbApNNgaTdGDITg=
golang.org/x/term v0.0.0-20201126162022-7de9c90e9dd1/go.mod h1:bj7SfCRtBDWHUb9snDiAeCFNEtKQo2Wmx5Cou7ajbmo=
golang.org/x/term v0.0.0-20210927222741-03fcf44c2211/go.mod h1:jbD1KX2456YbFQfuXm/mYQcufACuNUgVhRMnK/tPxf8=
golang.org/x/term v0.4.0/go.mod h1:9P2UbLfCdcvo3p/nzKvsmas4TnlujnuoV9hGgYzW1lQ=
golang.org/x/term v0.5.0 h1:n2a8QNdAb0sZNpU9R1ALUXBbY+w51fCQDN+7EdxNBsY=
golang.org/x/term v0.5.0/go.mod h1:jMB1sMXY+tzblOD4FWmEbocvup2/aLOaQEp7JmGp78k=
golang.org/x/term v0.6.0 h1:clScbb1cHjoCkyRbWwBEUZ5H/tIFu5TAXIqaZD0Gcjw=
golang.org/x/term v0.6.0/go.mod h1:m6U89DPEgQRMq3DNkDClhWw02AUbt2daBVO4cn4Hv9U=
golang.org/x/text v0.3.0/go.mod h1:NqM8EUOU14njkJ3fqMW+pc6Ldnwhi/IjpwHt7yyuwOQ=
golang.org/x/text v0.3.2/go.mod h1:bEr9sfX3Q8Zfm5fL9x+3itogRgK3+ptLWKqgva+5dAk=
golang.org/x/text v0.3.3/go.mod h1:5Zoc/QRtKVWzQhOtBMvqHzDpF6irO9z98xDceosuGiQ=
golang.org/x/text v0.3.7/go.mod h1:u+2+/6zg+i71rQMx5EYifcz6MCKuco9NR6JIITiCfzQ=
golang.org/x/text v0.6.0/go.mod h1:mrYo+phRRbMaCq/xk9113O4dZlRixOauAjOtrjsXDZ8=
golang.org/x/text v0.7.0 h1:4BRB4x83lYWy72KwLD/qYDuTu7q9PjSagHvijDw7cLo=
golang.org/x/text v0.7.0/go.mod h1:mrYo+phRRbMaCq/xk9113O4dZlRixOauAjOtrjsXDZ8=
golang.org/x/text v0.8.0 h1:57P1ETyNKtuIjB4SRd15iJxuhj8Gc416Y78H3qgMh68=
golang.org/x/text v0.8.0/go.mod h1:e1OnstbJyHTd6l/uOt8jFFHp6TRDWZR/bV3emEE/zU8=
golang.org/x/tools v0.0.0-20180917221912-90fa682c2a6e/go.mod h1:n7NCudcB/nEzxVGmLbDWY5pfWTLqBcC2KZ6jyYvM4mQ=
golang.org/x/tools v0.0.0-20191119224855-298f0cb1881e/go.mod h1:b+2E5dAYhXwXZwtnZ6UAqBI28+e2cm9otk0dWdXHAEo=
golang.org/x/tools v0.1.12/go.mod h1:hNGJHUnrk76NpqgfD5Aqm5Crs+Hm0VOH/i9J2+nxYbc=
golang.org/x/xerrors v0.0.0-20190717185122-a985d3407aa7/go.mod h1:I/5z698sn9Ka8TeJc9MKroUUfqBBauWjQqLJ2OPfmY0=
golang.org/x/xerrors v0.0.0-20191204190536-9bdfabe68543/go.mod h1:I/5z698sn9Ka8TeJc9MKroUUfqBBauWjQqLJ2OPfmY0=
golang.org/x/xerrors v0.0.0-20200804184101-5ec99f83aff1/go.mod h1:I/5z698sn9Ka8TeJc9MKroUUfqBBauWjQqLJ2OPfmY0=
google.golang.org/genproto v0.0.0-20230209215440-0dfe4f8abfcc h1:ijGwO+0vL2hJt5gaygqP2j6PfflOBrRot0IczKbmtio=
google.golang.org/genproto v0.0.0-20230209215440-0dfe4f8abfcc/go.mod h1:RGgjbofJ8xD9Sq1VVhDM1Vok1vRONV+rg+CjzG4SZKM=
google.golang.org/genproto v0.0.0-20230221151758-ace64dc21148 h1:muK+gVBJBfFb4SejshDBlN2/UgxCCOKH9Y34ljqEGOc=
google.golang.org/genproto v0.0.0-20230221151758-ace64dc21148/go.mod h1:3Dl5ZL0q0isWJt+FVcfpQyirqemEuLAK/iFvg1UP1Hw=
google.golang.org/grpc v1.53.0 h1:LAv2ds7cmFV/XTS3XG1NneeENYrXGmorPxsBbptIjNc=
google.golang.org/grpc v1.53.0/go.mod h1:OnIrk0ipVdj4N5d9IUoFUx72/VlD7+jUsHwZgwSMQpw=
google.golang.org/protobuf v0.0.0-20200109180630-ec00e32a8dfd/go.mod h1:DFci5gLYBciE7Vtevhsrf46CRTquxDuWsQurQQe4oz8=
google.golang.org/protobuf v0.0.0-20200221191635-4d8936d0db64/go.mod h1:kwYJMbMJ01Woi6D6+Kah6886xMZcty6N08ah7+eCXa0=
google.golang.org/protobuf v0.0.0-20200228230310-ab0ca4ff8a60/go.mod h1:cfTl7dwQJ+fmap5saPgwCLgHXTUD7jkjRqWcaiX5VyM=
google.golang.org/protobuf v1.20.1-0.20200309200217-e05f789c0967/go.mod h1:A+miEFZTKqfCUM6K7xSMQL9OKL/b6hQv+e19PK+JZNE=
google.golang.org/protobuf v1.21.0/go.mod h1:47Nbq4nVaFHyn7ilMalzfO3qCViNmqZ2kzikPIcrTAo=
google.golang.org/protobuf v1.23.0/go.mod h1:EGpADcykh3NcUnDUJcl1+ZksZNG86OlYog2l/sGQquU=
google.golang.org/protobuf v1.26.0-rc.1/go.mod h1:jlhhOSvTdKEhbULTjvd4ARK9grFBp09yW+WbY/TyQbw=
google.golang.org/protobuf v1.26.0/go.mod h1:9q0QmTI4eRPtz6boOQmLYwt+qCgq0jsYwAQnmE0givc=
google.golang.org/protobuf v1.28.1 h1:d0NfwRgPtno5B1Wa6L2DAG+KivqkdutMf1UhdNx175w=
google.golang.org/protobuf v1.28.1/go.mod h1:HV8QOd/L58Z+nl8r43ehVNZIU/HEI6OcFqwMG9pJV4I=
gopkg.in/check.v1 v0.0.0-20161208181325-20d25e280405/go.mod h1:Co6ibVJAznAaIkqp8huTwlJQCZ016jof/cbN4VW5Yz0=
gopkg.in/fsnotify.v1 v1.4.7/go.mod h1:Tz8NjZHkW78fSQdbUxIjBTcgA1z1m8ZHf0WmKUhAMys=
gopkg.in/tomb.v1 v1.0.0-20141024135613-dd632973f1e7/go.mod h1:dt/ZhP58zS4L8KSrWDmTeBkI65Dw0HsyUHuEVlX15mw=
gopkg.in/yaml.v2 v2.2.4/go.mod h1:hI93XBmqTisBFMUTm0b8Fm+jr3Dg1NNxqwp+5A1VGuI=
gopkg.in/yaml.v2 v2.3.0/go.mod h1:hI93XBmqTisBFMUTm0b8Fm+jr3Dg1NNxqwp+5A1VGuI=
gopkg.in/yaml.v3 v3.0.1 h1:fxVm/GzAzEWqLHuvctI91KS9hhNmmWOoWu0XTYJS7CA=
