github.com/EXCCoin/base58 v0.0.0-20180515090142-e1a805ee5d9f h1:ucGdoqYaaO8y9CF/Vvyl+LXcOKdqOclw1YXe59HknY8=
github.com/EXCCoin/base58 v0.0.0-20180515090142-e1a805ee5d9f/go.mod h1:FWlYa+QpsFceLY9PQfQrt5R64DlCpuCoDmmZDtN78Q8=
github.com/EXCCoin/cspp/v2 v2.0.0-20230414143846-6df3d38b9eca h1:3PlKYqYOIfh4r7XoneOUW4qQXp4mEh4oBkoIixCas/8=
github.com/EXCCoin/cspp/v2 v2.0.0-20230414143846-6df3d38b9eca/go.mod h1:IY94lOE7NBogpFPWEvj0VrMgytqbUI/FfpCLUFzdv7I=
github.com/EXCCoin/exccd v0.0.0-20260730143812-d2b4b2c5d047 h1:rKo8SUXZs9j0l8L1y8tBhslpWN4W1goIRWA36bIYYuA=
github.com/EXCCoin/exccd v0.0.0-20260730143812-d2b4b2c5d047/go.mod h1:URo58euNxfJNJblcvVb3UR5VILht9zy4eT7P7cZbiF8=
github.com/EXCCoin/exccd v1.2.1-0.20260804201134-29c256501d37 h1:6dicAJIEHPTOFDNPEF6kWNBhNQ+iz5pmttLWxRqKcys=
github.com/EXCCoin/exccd v1.2.1-0.20260804201134-29c256501d37/go.mod h1:TTNVq1KoiKcR0ozhmxcTjnzIwEDH2RNi26aid+dEuvI=
github.com/EXCCoin/exccd v1.2.1-0.20260805075534-7247f219b193 h1:gcTXx6K6u+veFeAxK5FOPk/0OkSKxwP062k7OMFtTT0=
github.com/EXCCoin/exccd v1.2.1-0.20260805075534-7247f219b193/go.mod h1:biUa8kAy3drLv1a1fp/76zXUP5SRrm0brP3upNPrFl4=
github.com/EXCCoin/exccd/addrmgr/v2 v2.0.0-20260730143812-d2b4b2c5d047 h1:leZwLPGvaqv32WMkqJ7o0DihX/kiT4s1ILGzjKbTiO8=
github.com/EXCCoin/exccd/addrmgr/v2 v2.0.0-20260730143812-d2b4b2c5d047/go.mod h1:ejwvkKa20YuTuuGi+hwmGqc22fn0iSNjJ/sIehdr+Fg=
github.com/EXCCoin/exccd/addrmgr/v2 v2.0.1-0.20260804201134-29c256501d37 h1:/ItP0XKRswIa3uNMbveY2v5iZsN3gt6DU4y4Ro7bXwE=
github.com/EXCCoin/exccd/addrmgr/v2 v2.0.1-0.20260804201134-29c256501d37/go.mod h1:FRTpIdM9cmJ6V0/4k2FOJChKGzu1NMgBkPUuf10Fagc=
github.com/EXCCoin/exccd/addrmgr/v2 v2.0.1-0.20260805075534-7247f219b193 h1:6Dv0G0G2PwO5jqH1bya8JQnAzdHV92RRG06BcAw7/Bg=
github.com/EXCCoin/exccd/addrmgr/v2 v2.0.1-0.20260805075534-7247f219b193/go.mod h1:NRLrOtsa5aeSTSXCqNkYr8eWfi6Cwjs0zpxF8T1nCU4=
github.com/EXCCoin/exccd/blockchain/stake/v4 v4.0.0-20230211225306-d2f2c1c04ab7/go.mod h1:QuyErKqh8dKlohlaIGLeCqukrrqOBsgxkTjvXDUF7/c=
github.com/EXCCoin/exccd/blockchain/stake/v4 v4.0.0-20260730143238-5ec2339c687a/go.mod h1:cu972mTQsed/kax5Dly1hY87mgHARPmMwqE1ss2ZGWI=
github.com/EXCCoin/exccd/blockchain/stake/v4 v4.0.0-20260730143812-d2b4b2c5d047 h1:1FueaJiyUgCKln6lVO0K4z37vZNevM+KcllU0O9Az3o=
github.com/EXCCoin/exccd/blockchain/stake/v4 v4.0.0-20260730143812-d2b4b2c5d047/go.mod h1:PlrWDiwz68NYZYWkqA4KzHboHMTOsedCiLuiWOu0o/g=
github.com/EXCCoin/exccd/blockchain/stake/v4 v4.0.1-0.20260804201134-29c256501d37 h1:qRY4u/IWgsvHOeC3jjYhzVhURM2+UgWGejOMfehnBkQ=
github.com/EXCCoin/exccd/blockchain/stake/v4 v4.0.1-0.20260804201134-29c256501d37/go.mod h1:g16Fo0vxrvWTH8VEBe3DbfcVUcPHy3BUhuclmi1dxzg=
github.com/EXCCoin/exccd/blockchain/stake/v4 v4.0.1-0.20260805075534-7247f219b193 h1:iHUVltWzEzkw0MxZy83xJJfN1gbJ06wzEtrY57IM/T0=
github.com/EXCCoin/exccd/blockchain/stake/v4 v4.0.1-0.20260805075534-7247f219b193/go.mod h1:56rbdR7aA4vbfhuzVe9EfeN/dj5auJuBMLQHeeVvRBE=
github.com/EXCCoin/exccd/blockchain/standalone/v2 v2.0.0-20260730143812-d2b4b2c5d047 h1:HfqSxTjCuoGcE749BjcofrnopsVHJohqYL6T4xNOKyE=
github.com/EXCCoin/exccd/blockchain/standalone/v2 v2.0.0-20260730143812-d2b4b2c5d047/go.mod h1:gFyLtTHwpi8RMPhSmTAslg27JApS96ArJAmfeUeeD2A=
github.com/EXCCoin/exccd/blockchain/standalone/v2 v2.1.1-0.20260804201134-29c256501d37 h1:I43LFwjqb/tbyQyyAq/NKc+73WkGol9RSE2ZYIGlGyM=
github.com/EXCCoin/exccd/blockchain/standalone/v2 v2.1.1-0.20260804201134-29c256501d37/go.mod h1:5A3H2lZhoc229FTyq58star1dRbN+zJDBobihNZj+yI=
github.com/EXCCoin/exccd/blockchain/standalone/v2 v2.1.1-0.20260805075534-7247f219b193 h1:VTrx46gwYGUiSGB89Xbl9GXWmtipcMQsLQd3K+7e12Q=
github.com/EXCCoin/exccd/blockchain/standalone/v2 v2.1.1-0.20260805075534-7247f219b193/go.mod h1:BUUK6Tp+XirVoxvLFMAivBc4Azob6J6q89Z8ZGOEWxo=
github.com/EXCCoin/exccd/blockchain/v4 v4.0.0-20260730143812-d2b4b2c5d047 h1:svMNL/O/NKNetnEGHaYl5QbiQ9ZXA69p3t80TfO/Hm8=
github.com/EXCCoin/exccd/blockchain/v4 v4.0.0-20260730143812-d2b4b2c5d047/go.mod h1:lnSsE5M9FxRmw+IK49txUn0WpWcfFPdUE5Vqhc04whc=
github.com/EXCCoin/exccd/blockchain/v4 v4.0.1-0.20260804201134-29c256501d37 h1:IQ0EX5GRRf2Pt9uS4dLNk/79Fk8hxGS2p8xYt6BOWNY=
github.com/EXCCoin/exccd/blockchain/v4 v4.0.1-0.20260804201134-29c256501d37/go.mod h1:L6lIjgmnqjLC9OksaKCYvmNEbTh8yh4Qc++/Yu+FeWg=
github.com/EXCCoin/exccd/blockchain/v4 v4.0.1-0.20260805075534-7247f219b193 h1:iTTuUti6gPjbw1bKJgE4OfUFY4pRbwm1Lb9XAV278PQ=
github.com/EXCCoin/exccd/blockchain/v4 v4.0.1-0.20260805075534-7247f219b193/go.mod h1:FRGak02WyCUx0tytGztnekouoAI7RHQT68yaayZU3gc=
github.com/EXCCoin/exccd/certgen v0.0.0-20260730143812-d2b4b2c5d047 h1:Y9JVtB2hTiPxF0RFuDd2ZAHn3JCZ2EKlsJZH/YteUag=
github.com/EXCCoin/exccd/certgen v0.0.0-20260730143812-d2b4b2c5d047/go.mod h1:FTQdHaj2p9j9xL4ww+kXLyT6fGr4PWejx5hS/M8QloI=
github.com/EXCCoin/exccd/certgen v1.1.2-0.20260804201134-29c256501d37 h1:IfcjEcsahjRwO3i1EdNAf6u3IgbT41u53odTWXXVvkc=
github.com/EXCCoin/exccd/certgen v1.1.2-0.20260804201134-29c256501d37/go.mod h1:FTQdHaj2p9j9xL4ww+kXLyT6fGr4PWejx5hS/M8QloI=
github.com/EXCCoin/exccd/certgen v1.1.2-0.20260805075534-7247f219b193 h1:kpdsrDfj2m9QeNL1Er+mfiIxuILqGJQxgi+XA0nHpqk=
github.com/EXCCoin/exccd/certgen v1.1.2-0.20260805075534-7247f219b193/go.mod h1:FTQdHaj2p9j9xL4ww+kXLyT6fGr4PWejx5hS/M8QloI=
github.com/EXCCoin/exccd/chaincfg/chainhash v0.0.0-20230211225306-d2f2c1c04ab7/go.mod h1:TtjGhhFlbfS1fOTl7avuIUsHsGnBAytY+jCs9Ei45E8=
github.com/EXCCoin/exccd/chaincfg/chainhash v0.0.0-20230214161233-275859970533/go.mod h1:HugQl51HouJ13KKyxNQHARMq/mrpjfi7jUM2Iv3kgjI=
github.com/EXCCoin/exccd/chaincfg/chainhash v0.0.0-20230222134430-694fa0700495/go.mod h1:ys9yYgU0MOSy9fG7vf8IelJbnlVCKaYNses/1kkwW/o=
github.com/EXCCoin/exccd/chaincfg/chainhash v0.0.0-20230414141857-db7e0eac8be9/go.mod h1:eMPB49d8cWIAj9q7/pXMFu/lFaxs0dOKgkhEnvUQS+o=
github.com/EXCCoin/exccd/chaincfg/chainhash v0.0.0-20231114084634-503e41f75524/go.mod h1:eMPB49d8cWIAj9q7/pXMFu/lFaxs0dOKgkhEnvUQS+o=
github.com/EXCCoin/exccd/chaincfg/chainhash v0.0.0-20260730143238-5ec2339c687a/go.mod h1:eMPB49d8cWIAj9q7/pXMFu/lFaxs0dOKgkhEnvUQS+o=
github.com/EXCCoin/exccd/chaincfg/chainhash v0.0.0-20260730143812-d2b4b2c5d047 h1:bv24gEDhTHr8lGDrAWGHQgWvKbH9fPZPevyYxBwVqUE=
github.com/EXCCoin/exccd/chaincfg/chainhash v0.0.0-20260730143812-d2b4b2c5d047/go.mod h1:EWyy+Yo3vlyfk+ynAvSp+SXTMkIuQ1k4RPtN67zY7+E=
github.com/EXCCoin/exccd/chaincfg/chainhash v1.0.4-0.20260804201134-29c256501d37 h1:kQpInX0wSiF97deN7wAri8KzT+2lyIyH7QnggyzzknQ=
github.com/EXCCoin/exccd/chaincfg/chainhash v1.0.4-0.20260804201134-29c256501d37/go.mod h1:J3IUeOZH+fT8WaqwejZ/SUM701BsRzhZqpTDj9HYw3I=
github.com/EXCCoin/exccd/chaincfg/chainhash v1.0.4-0.20260805075534-7247f219b193 h1:2cVm0nnetYcxsQh3P2C3XhmR0hfyjwgBauN4TvStCpk=
github.com/EXCCoin/exccd/chaincfg/chainhash v1.0.4-0.20260805075534-7247f219b193/go.mod h1:tZqogzf4fzxlT+N/oDjRUP0f0zkIMXqTySLXV58akx8=
github.com/EXCCoin/exccd/chaincfg/v3 v3.0.0-20230214161233-275859970533/go.mod h1:kI3is/m8omS08trtkDqyOkKAw2aVdQAyPcuLYN8qATU=
github.com/EXCCoin/exccd/chaincfg/v3 v3.0.0-20230222134430-694fa0700495/go.mod h1:r1QmI1cMHtL3qThQE/iAQD6Ia6mWHgbaBLms3p81VU4=
github.com/EXCCoin/exccd/chaincfg/v3 v3.0.0-20231114084634-503e41f75524/go.mod h1:xwZuLvp37l/vEGO6hmGyB5FvdFxpRROaYRBcYGDZba8=
github.com/EXCCoin/exccd/chaincfg/v3 v3.0.0-20260730143238-5ec2339c687a/go.mod h1:Z9E7kn+Srdn8PXkDWa7GRA+IVxf9Qxvpv5OyGRs02j4=
github.com/EXCCoin/exccd/chaincfg/v3 v3.0.0-20260730143812-d2b4b2c5d047 h1:zwbaXIFysqNWMFNFgmouwoVAYxJscg2CO7t/PBaUIwE=
github.com/EXCCoin/exccd/chaincfg/v3 v3.0.0-20260730143812-d2b4b2c5d047/go.mod h1:Yv4DsGqzt+oE0hmWzNxl5E4bfBcmmkLfc4mvfHBRuag=
github.com/EXCCoin/exccd/chaincfg/v3 v3.1.2-0.20260804201134-29c256501d37 h1:A+BTIzjzT2h8Yd+T1kMApS1NG3yetgdNDCqGdakOFMk=
github.com/EXCCoin/exccd/chaincfg/v3 v3.1.2-0.20260804201134-29c256501d37/go.mod h1:b3yTBTohS8Gba3TeolxWJb1PO2jU8ZOlSgrR4B4uw9k=
github.com/EXCCoin/exccd/chaincfg/v3 v3.1.2-0.20260805075534-7247f219b193 h1:u1ZoYnfaJlwBtwe1O6eZHzBFdnldLhBg6I+g4SmYYPU=
github.com/EXCCoin/exccd/chaincfg/v3 v3.1.2-0.20260805075534-7247f219b193/go.mod h1:dDzFBujeI9S03z08K44fLwX6gl9qH2aTZItHG4YILzg=
github.com/EXCCoin/exccd/connmgr/v3 v3.0.0-20260730143812-d2b4b2c5d047 h1:yOcY/fJjaFBYuDLbemxGnTYs74kHJpt3oamZOPcvNrw=
github.com/EXCCoin/exccd/connmgr/v3 v3.0.0-20260730143812-d2b4b2c5d047/go.mod h1:I4Ub5ToysNDxJAxtL9HXjkAbcn4Uzy8NrWaYY0AXPLs=
github.com/EXCCoin/exccd/connmgr/v3 v3.1.1-0.20260804201134-29c256501d37 h1:NRy+PRvuUyw4SrPvW4QquwfinepKUq6yRQEUUTHGrn0=
github.com/EXCCoin/exccd/connmgr/v3 v3.1.1-0.20260804201134-29c256501d37/go.mod h1:GH9fSIL2mqvXX3+4aP6GYnYu+oOQ5IPVWCg+8VaqqV8=
github.com/EXCCoin/exccd/connmgr/v3 v3.1.1-0.20260805075534-7247f219b193 h1:4R1Cnv9E5Doxd2KXaDnKs6N8fC8BunOAsSKU7QGP7cI=
github.com/EXCCoin/exccd/connmgr/v3 v3.1.1-0.20260805075534-7247f219b193/go.mod h1:U3xb/9zwCbdqnb8Rt6HSS6Qz057gFmASZvoP6/V7OYk=
github.com/EXCCoin/exccd/crypto/blake256 v0.0.0-20230211225306-d2f2c1c04ab7/go.mod h1:gGGtDzi74jQyKPRjBKT/BSFoRbN33dmgNZgj8jgEFd0=
github.com/EXCCoin/exccd/crypto/blake256 v0.0.0-20230222134430-694fa0700495/go.mod h1:gGGtDzi74jQyKPRjBKT/BSFoRbN33dmgNZgj8jgEFd0=
github.com/EXCCoin/exccd/crypto/blake256 v0.0.0-20230414141857-db7e0eac8be9/go.mod h1:a6dgMwlAl4Sw8AL1aANZdNqEby7g+DdQx7WBzdiYtEk=
github.com/EXCCoin/exccd/crypto/blake256 v0.0.0-20231114084634-503e41f75524/go.mod h1:a6dgMwlAl4Sw8AL1aANZdNqEby7g+DdQx7WBzdiYtEk=
github.com/EXCCoin/exccd/crypto/blake256 v0.0.0-20260730143238-5ec2339c687a/go.mod h1:a6dgMwlAl4Sw8AL1aANZdNqEby7g+DdQx7WBzdiYtEk=
github.com/EXCCoin/exccd/crypto/blake256 v0.0.0-20260730143812-d2b4b2c5d047 h1:dHvYxClJjqAC+D7l4IIzosmqf0EJogHPMrr26ArsNT8=
github.com/EXCCoin/exccd/crypto/blake256 v0.0.0-20260730143812-d2b4b2c5d047/go.mod h1:a6dgMwlAl4Sw8AL1aANZdNqEby7g+DdQx7WBzdiYtEk=
github.com/EXCCoin/exccd/crypto/blake256 v1.0.1-0.20260804201134-29c256501d37 h1:I3i4UUkXpgfwJEpnRV+QVlTwJcPXVw+fIjmnAelz1mE=
github.com/EXCCoin/exccd/crypto/blake256 v1.0.1-0.20260804201134-29c256501d37/go.mod h1:a6dgMwlAl4Sw8AL1aANZdNqEby7g+DdQx7WBzdiYtEk=
github.com/EXCCoin/exccd/crypto/blake256 v1.0.1-0.20260805075534-7247f219b193 h1:1iwN83/2VIevfmT3tHuY3QvHjtsbn7tjygGNEEnHCyo=
github.com/EXCCoin/exccd/crypto/blake256 v1.0.1-0.20260805075534-7247f219b193/go.mod h1:a6dgMwlAl4Sw8AL1aANZdNqEby7g+DdQx7WBzdiYtEk=
github.com/EXCCoin/exccd/crypto/ripemd160 v0.0.0-20230211225306-d2f2c1c04ab7/go.mod h1:aHqP29TIbaWgcd1DlDCVc+QZZqNE5n13C7BHXHiKS0M=
github.com/EXCCoin/exccd/crypto/ripemd160 v0.0.0-20230222134430-694fa0700495/go.mod h1:aHqP29TIbaWgcd1DlDCVc+QZZqNE5n13C7BHXHiKS0M=
github.com/EXCCoin/exccd/crypto/ripemd160 v0.0.0-20231114084634-503e41f75524/go.mod h1:bLNlDLXx0hrU7NO/4lvWiFLRWA8+DjI0pnS6pUcvvDw=
github.com/EXCCoin/exccd/crypto/ripemd160 v0.0.0-20260730143238-5ec2339c687a/go.mod h1:bLNlDLXx0hrU7NO/4lvWiFLRWA8+DjI0pnS6pUcvvDw=
github.com/EXCCoin/exccd/crypto/ripemd160 v0.0.0-20260730143812-d2b4b2c5d047 h1:DKZBTW3yl6NlKxd1t2reUudxRjtam45PB19IFe+32Ec=
github.com/EXCCoin/exccd/crypto/ripemd160 v0.0.0-20260730143812-d2b4b2c5d047/go.mod h1:bLNlDLXx0hrU7NO/4lvWiFLRWA8+DjI0pnS6pUcvvDw=
github.com/EXCCoin/exccd/crypto/ripemd160 v1.0.2-0.20260804201134-29c256501d37 h1:V3/pwZ6ztuxUED5bj8KS63aCuKISX2M7G0a4mNnZU6I=
github.com/EXCCoin/exccd/crypto/ripemd160 v1.0.2-0.20260804201134-29c256501d37/go.mod h1:bLNlDLXx0hrU7NO/4lvWiFLRWA8+DjI0pnS6pUcvvDw=
github.com/EXCCoin/exccd/crypto/ripemd160 v1.0.2-0.20260805075534-7247f219b193 h1:RQ2lc6xKDM2FmgfZBb+D0GmzKzz4YUmv7yqmrqiuk8c=
github.com/EXCCoin/exccd/crypto/ripemd160 v1.0.2-0.20260805075534-7247f219b193/go.mod h1:bLNlDLXx0hrU7NO/4lvWiFLRWA8+DjI0pnS6pUcvvDw=
github.com/EXCCoin/exccd/database/v3 v3.0.0-20230211225306-d2f2c1c04ab7/go.mod h1:8DVXSs+A5Ndvvm7VEoKof6l2i0oyV9I9tWs1EQXUdYg=
github.com/EXCCoin/exccd/database/v3 v3.0.0-20231114084634-503e41f75524/go.mod h1:V/cl61Dfx0pvw+/XyjD/kvmuIo7xPTmpCs7F5xVacB4=
github.com/EXCCoin/exccd/database/v3 v3.0.0-20260730143238-5ec2339c687a/go.mod h1:rmFaCMmGXiw3B8Y/jkF7p10S0kkY0ytJKRaKw96UP+Y=
github.com/EXCCoin/exccd/database/v3 v3.0.0-20260730143812-d2b4b2c5d047 h1:fjmT7WcpIkeJ8swKBBbkodoRCS1CX/YI3AKjwgD4mMY=
github.com/EXCCoin/exccd/database/v3 v3.0.0-20260730143812-d2b4b2c5d047/go.mod h1:as6Xx4R6ssrb2NW1vWyT5mV6HDijVoIcUhJUhNqqKD8=
github.com/EXCCoin/exccd/database/v3 v3.0.1-0.20260804201134-29c256501d37 h1:Q2t5kBO1jtqEPip6QkmVMKMvKZcNtSY87/UjPBK61a4=
github.com/EXCCoin/exccd/database/v3 v3.0.1-0.20260804201134-29c256501d37/go.mod h1:5tAZWiryC6zEl6fZ9GX3Wq8L/5lIOTu9x8gOeS6QBoA=
github.com/EXCCoin/exccd/database/v3 v3.0.1-0.20260805075534-7247f219b193 h1:JHiPKX8/4Upo0C/u9BeDxJ0BNVLly8op6ijMmRpTsy4=
github.com/EXCCoin/exccd/database/v3 v3.0.1-0.20260805075534-7247f219b193/go.mod h1:1rUNZYqAMuyKem5+6mpxeCgmcX6ZwUUid4L8hb84lVI=
github.com/EXCCoin/exccd/dcrec v0.0.0-20230211225306-d2f2c1c04ab7/go.mod h1:7rbiErKGJZ8XRgmcBzC09YLEBvSJAWMdxrBhW4WXI4w=
github.com/EXCCoin/exccd/dcrec v0.0.0-20230222134430-694fa0700495/go.mod h1:7rbiErKGJZ8XRgmcBzC09YLEBvSJAWMdxrBhW4WXI4w=
github.com/EXCCoin/exccd/dcrec v0.0.0-20231114084634-503e41f75524/go.mod h1:jaEvYZyvFtTRdOq3gwNzW1Ls3Va+ok52apTcLD7pyOE=
github.com/EXCCoin/exccd/dcrec v0.0.0-20260730143238-5ec2339c687a/go.mod h1:jaEvYZyvFtTRdOq3gwNzW1Ls3Va+ok52apTcLD7pyOE=
github.com/EXCCoin/exccd/dcrec v0.0.0-20260730143812-d2b4b2c5d047 h1:1sA0qsV3nTAltFkNr7FLYfQQAgTxLmNXS0uPdsa5660=
github.com/EXCCoin/exccd/dcrec v0.0.0-20260730143812-d2b4b2c5d047/go.mod h1:jaEvYZyvFtTRdOq3gwNzW1Ls3Va+ok52apTcLD7pyOE=
github.com/EXCCoin/exccd/dcrec v1.0.1-0.20260804201134-29c256501d37 h1:LyGhsxx7U5vmU0GN6PgKhXUKFNvNhycotw0VyQLIwqU=
github.com/EXCCoin/exccd/dcrec v1.0.1-0.20260804201134-29c256501d37/go.mod h1:jaEvYZyvFtTRdOq3gwNzW1Ls3Va+ok52apTcLD7pyOE=
github.com/EXCCoin/exccd/dcrec v1.0.1-0.20260805075534-7247f219b193 h1:sQI5cArhg0jLc9m61Iogz7CpFdI+s/KOmdzYj09BKMY=
github.com/EXCCoin/exccd/dcrec v1.0.1-0.20260805075534-7247f219b193/go.mod h1:jaEvYZyvFtTRdOq3gwNzW1Ls3Va+ok52apTcLD7pyOE=
github.com/EXCCoin/exccd/dcrec/edwards/v2 v2.0.0-20230211225306-d2f2c1c04ab7/go.mod h1:MlNonvPYgC7ZU/N3xZdUwIxlr127qxOmqL4ag1Ft+AE=
github.com/EXCCoin/exccd/dcrec/edwards/v2 v2.0.0-20230222134430-694fa0700495/go.mod h1:MlNonvPYgC7ZU/N3xZdUwIxlr127qxOmqL4ag1Ft+AE=
github.com/EXCCoin/exccd/dcrec/edwards/v2 v2.0.0-20231114084634-503e41f75524/go.mod h1:iXj7LWDJurpiMt4QeAsRmRAfMbaCbaLedEkO4YOs/ak=
github.com/EXCCoin/exccd/dcrec/edwards/v2 v2.0.0-20260730143238-5ec2339c687a/go.mod h1:iXj7LWDJurpiMt4QeAsRmRAfMbaCbaLedEkO4YOs/ak=
github.com/EXCCoin/exccd/dcrec/edwards/v2 v2.0.0-20260730143812-d2b4b2c5d047 h1:Odd7fEfJYbFmJKK4X53s4VT4XmXgAHjS+EpLZ4s+4BQ=
github.com/EXCCoin/exccd/dcrec/edwards/v2 v2.0.0-20260730143812-d2b4b2c5d047/go.mod h1:iXj7LWDJurpiMt4QeAsRmRAfMbaCbaLedEkO4YOs/ak=
github.com/EXCCoin/exccd/dcrec/edwards/v2 v2.0.3-0.20260804201134-29c256501d37 h1:PvH5RO8cFiCTbhI5XfdXmASlMch0GXFSnq93WTgapOA=
github.com/EXCCoin/exccd/dcrec/edwards/v2 v2.0.3-0.20260804201134-29c256501d37/go.mod h1:iXj7LWDJurpiMt4QeAsRmRAfMbaCbaLedEkO4YOs/ak=
github.com/EXCCoin/exccd/dcrec/edwards/v2 v2.0.3-0.20260805075534-7247f219b193 h1:buRWiQs17bR6/KTXuff16vEgG4WvI5P7KxDXh329jJI=
github.com/EXCCoin/exccd/dcrec/edwards/v2 v2.0.3-0.20260805075534-7247f219b193/go.mod h1:iXj7LWDJurpiMt4QeAsRmRAfMbaCbaLedEkO4YOs/ak=
github.com/EXCCoin/exccd/dcrec/secp256k1/v4 v4.0.0-20230211225306-d2f2c1c04ab7/go.mod h1:JZpGOVIOQe+XBfwcc/OZMGCPkl7ZTxi3E5TT2GWri5s=
github.com/EXCCoin/exccd/dcrec/secp256k1/v4 v4.0.0-20230222134430-694fa0700495/go.mod h1:EUqyizTFRSaMIpL8RSOEPwrvR/oQTA05JcI8iQeEeNw=
github.com/EXCCoin/exccd/dcrec/secp256k1/v4 v4.0.0-20231114084634-503e41f75524/go.mod h1:vD1kBtMbVH/KKf5h+3NKI1YfaIuKEX/ffAQ/axBPzcM=
github.com/EXCCoin/exccd/dcrec/secp256k1/v4 v4.0.0-20260730143238-5ec2339c687a/go.mod h1:vD1kBtMbVH/KKf5h+3NKI1YfaIuKEX/ffAQ/axBPzcM=
github.com/EXCCoin/exccd/dcrec/secp256k1/v4 v4.0.0-20260730143812-d2b4b2c5d047 h1:hDf9BB1OBF/okYxF17JfHl5J3jzLHqVNDEchwnDGLHA=
github.com/EXCCoin/exccd/dcrec/secp256k1/v4 v4.0.0-20260730143812-d2b4b2c5d047/go.mod h1:fxio0/+F28LEWr7QKtOhgk+AAuy0J+kCyuJHECSWPaY=
github.com/EXCCoin/exccd/dcrec/secp256k1/v4 v4.0.2-0.20260804201134-29c256501d37 h1:3mYzaOAlumaPJjVN6u3b3DICG3UXCC+uloSMqLResBI=
github.com/EXCCoin/exccd/dcrec/secp256k1/v4 v4.0.2-0.20260804201134-29c256501d37/go.mod h1:3Q9UjDeUArboaiQLy1OzlTAbC5bJ5AcCUSdKvtvIYVY=
github.com/EXCCoin/exccd/dcrec/secp256k1/v4 v4.0.2-0.20260805075534-7247f219b193 h1:S1r0ABlwF4UhnA62mz5T5JVJylhVCsdjl7hs92mOaQ0=
github.com/EXCCoin/exccd/dcrec/secp256k1/v4 v4.0.2-0.20260805075534-7247f219b193/go.mod h1:ts6wXckTOpJToD6YhaiqJKqMfN4QIwpRewGR8wgmauc=
github.com/EXCCoin/exccd/dcrjson/v4 v4.0.0-20231114084634-503e41f75524/go.mod h1:9jRjQbVTfbMeg89O+10dnV0GMgYJymtJhJisheFxhoc=
github.com/EXCCoin/exccd/dcrjson/v4 v4.0.0-20260730143238-5ec2339c687a/go.mod h1:zx86/lIqZoTLTB0gk7tY0xPf2wR2E+32efqYjAdzD6s=
github.com/EXCCoin/exccd/dcrjson/v4 v4.0.0-20260730143812-d2b4b2c5d047 h1:O75c/r8h0jn9L+BBmVjlOhqBDMx07CCXoVVfykyt4Qk=
github.com/EXCCoin/exccd/dcrjson/v4 v4.0.0-20260730143812-d2b4b2c5d047/go.mod h1:8FgvRer+F1UW5gCqAWZOlvg9RsyTlEYqhNKfH7q/u6w=
github.com/EXCCoin/exccd/dcrjson/v4 v4.0.1-0.20260804201134-29c256501d37 h1:cPJw+XlbmvKx0soBMp/re8NCDdCsuFwIh8FcQYY/ZAE=
github.com/EXCCoin/exccd/dcrjson/v4 v4.0.1-0.20260804201134-29c256501d37/go.mod h1:uPWR6wOE9xL+snNNYDnTJUM6K1FccB/euA6VcBusjJs=
github.com/EXCCoin/exccd/dcrjson/v4 v4.0.1-0.20260805075534-7247f219b193 h1:XDIOFbWLEu4Gtn277xOBCEBbNw0iDlOGH3l51cvjwJE=
github.com/EXCCoin/exccd/dcrjson/v4 v4.0.1-0.20260805075534-7247f219b193/go.mod h1:zMTTv6VApW3HgiAybwotxQhbMT+Vg6TfVL3OzywN17A=
github.com/EXCCoin/exccd/dcrutil/v4 v4.0.0-20230211225306-d2f2c1c04ab7/go.mod h1:cv/6WVeZNrgWoT6A7T2X3R62gZRoE4wnLq3VpAppyb8=
github.com/EXCCoin/exccd/dcrutil/v4 v4.0.0-20231114084634-503e41f75524/go.mod h1:GwsT3tQ8aWe7b0elpf2VqtknhexAEiK/U5KAmeX6oOo=
github.com/EXCCoin/exccd/dcrutil/v4 v4.0.0-20260730143238-5ec2339c687a/go.mod h1:kPQjX8iQ47mA/7PNhfIoUm2n0A/CxeGCKNlP67MzWug=
github.com/EXCCoin/exccd/dcrutil/v4 v4.0.0-20260730143812-d2b4b2c5d047 h1:I8BisqonkvkNGMYUAn9GS8QlDmYPAWw61zPY0rA2NMc=
github.com/EXCCoin/exccd/dcrutil/v4 v4.0.0-20260730143812-d2b4b2c5d047/go.mod h1:3+loljal2BUB2ujAW6PILFgDLWtQRhnI3oJnX25w580=
github.com/EXCCoin/exccd/dcrutil/v4 v4.0.1-0.20260804201134-29c256501d37 h1:eI0sSVKtqiyiS3DUTHw0arVl298dO8Ccc3ZfVBSfBSg=
github.com/EXCCoin/exccd/dcrutil/v4 v4.0.1-0.20260804201134-29c256501d37/go.mod h1:TDYDA8m0/ubQXqsBtu/Sm7i49EB1m2GAkXsBtTt6zno=
github.com/EXCCoin/exccd/dcrutil/v4 v4.0.1-0.20260805075534-7247f219b193 h1:CcFRXg2NV+1vXZdYk6gKczogiRW18h7qnitvU8m5LvU=
github.com/EXCCoin/exccd/dcrutil/v4 v4.0.1-0.20260805075534-7247f219b193/go.mod h1:HD5eBjsrVVL6QYw5flB4/r1Pxb9dWPefydsDVbb10dA=
github.com/EXCCoin/exccd/gcs/v3 v3.0.0-20260730143238-5ec2339c687a/go.mod h1:0k4z/EGDLKx/gOvSPteJ0I/x4nQbwhVCpOMTNj6oBFI=
github.com/EXCCoin/exccd/gcs/v3 v3.0.0-20260730143812-d2b4b2c5d047 h1:srmlejjAWnrpXqex4Pwf1z4339MGUNM0Wh6MN8NYyUA=
github.com/EXCCoin/exccd/gcs/v3 v3.0.0-20260730143812-d2b4b2c5d047/go.mod h1:UYY8AbyFnXC+QQOJb/sVRL1vhHPP1fBy9ViKmfUyLiw=
github.com/EXCCoin/exccd/gcs/v3 v3.0.1-0.20260804201134-29c256501d37 h1:+bNp/rhFUL2FpTxp60Zi1J6/yGsn3UYhdAbtBp5s9yk=
github.com/EXCCoin/exccd/gcs/v3 v3.0.1-0.20260804201134-29c256501d37/go.mod h1:7r00HuSP4Ie/zmd1HlsyEbdsY/a0hEJKTdffUZCDPPQ=
github.com/EXCCoin/exccd/gcs/v3 v3.0.1-0.20260805075534-7247f219b193 h1:JH3kjtY84ge0yWeYUpL2oeD6JRlMyrVtOPI0ZJ5vM/s=
github.com/EXCCoin/exccd/gcs/v3 v3.0.1-0.20260805075534-7247f219b193/go.mod h1:fo55EmlMSz8ipLQ7rR+4VFxVD77t8DUpeiCEnn8BeZw=
github.com/EXCCoin/exccd/hdkeychain/v3 v3.0.0-20260730143812-d2b4b2c5d047 h1:ngi+jeiPjdZfe43ZXQAv+XLW6x0/uvxTnzpFdfuXmH0=
github.com/EXCCoin/exccd/hdkeychain/v3 v3.0.0-20260730143812-d2b4b2c5d047/go.mod h1:ZyLsbdHGtyp4tOJ2kHJC4Y1nyRbAlgjTCoZrwdfWTb0=
github.com/EXCCoin/exccd/hdkeychain/v3 v3.1.1-0.20260804201134-29c256501d37 h1:wecUxGbZ9Qr3evR46qf7Mg5zrBI+O3R++eNyAMKqPus=
github.com/EXCCoin/exccd/hdkeychain/v3 v3.1.1-0.20260804201134-29c256501d37/go.mod h1:1FHzXUN0N8WewkVGhEaWO/8VJckX+/ygIDtPuLiCI8Y=
github.com/EXCCoin/exccd/hdkeychain/v3 v3.1.1-0.20260805075534-7247f219b193 h1:gNPraR3vsYD8BA80/xXrZJ9Sj3o+K175Ksd6sWwMFUQ=
github.com/EXCCoin/exccd/hdkeychain/v3 v3.1.1-0.20260805075534-7247f219b193/go.mod h1:TDazxkQ81v7taE9sr52tDUdTq5xox2LCAbihh64Lau4=
github.com/EXCCoin/exccd/rpc/jsonrpc/types/v3 v3.0.0-20260730143238-5ec2339c687a/go.mod h1:mBjZp4jAOIe8e4a8lQxGIFdmnZjm67qY8iHLT3hXLvs=
github.com/EXCCoin/exccd/rpc/jsonrpc/types/v3 v3.0.0-20260730143812-d2b4b2c5d047 h1:g1+06z491cOcmF/efdFaVms16wEmEmuueS1C0ROWvTc=
github.com/EXCCoin/exccd/rpc/jsonrpc/types/v3 v3.0.0-20260730143812-d2b4b2c5d047/go.mod h1:zUkK4EorU7bMkybOMjOyWlrUaUa3v4CXUu+SxgxfFSs=
github.com/EXCCoin/exccd/rpc/jsonrpc/types/v3 v3.0.1-0.20260804201134-29c256501d37 h1:fAADady9iPOv6icAEhDeBxE8ZF4PigflQOrveq18zfc=
github.com/EXCCoin/exccd/rpc/jsonrpc/types/v3 v3.0.1-0.20260804201134-29c256501d37/go.mod h1:ZCFpCJwiOQs7z8XmknNuvYa55xMxDbi3zDgBFr/i3pw=
github.com/EXCCoin/exccd/rpc/jsonrpc/types/v3 v3.0.1-0.20260805075534-7247f219b193 h1:sd/VHJGunT2aoiaXJjLWqfMA9OM2eOEJk1tnxcXFh1w=
github.com/EXCCoin/exccd/rpc/jsonrpc/types/v3 v3.0.1-0.20260805075534-7247f219b193/go.mod h1:ZtY+niBb481axhIXQ1fcxdQiTqGsGpnFU6H8uHEn4a4=
github.com/EXCCoin/exccd/rpcclient/v7 v7.0.0-20260730143812-d2b4b2c5d047 h1:LEUf4mU1/qjAxSOsbsfLqoCfwlARATyy+CmfXKX7Xmo=
github.com/EXCCoin/exccd/rpcclient/v7 v7.0.0-20260730143812-d2b4b2c5d047/go.mod h1:/8sgWzeWAKocfACgdrt8/UhH3xibPiVuC53pMfgxMiI=
github.com/EXCCoin/exccd/rpcclient/v7 v7.0.1-0.20260804201134-29c256501d37 h1:+kOdGRWW/5dnlNIIiXI2TLOZGxaa7ZyCwpE+wDLqy4s=
github.com/EXCCoin/exccd/rpcclient/v7 v7.0.1-0.20260804201134-29c256501d37/go.mod h1:yH6Hjn1ID0a1GRHUVIv5IiXB7LjrJLohEKuIWA5zgDA=
github.com/EXCCoin/exccd/rpcclient/v7 v7.0.1-0.20260805075534-7247f219b193 h1:Ou8sueGWIJJ8rhqPbaaEN487r66HS/gpbBOxC+in48M=
github.com/EXCCoin/exccd/rpcclient/v7 v7.0.1-0.20260805075534-7247f219b193/go.mod h1:nRzxYME5j/b23O0CBb2glMUUkOkKe+5DcoM5Y5Q/SEg=
github.com/EXCCoin/exccd/txscript/v4 v4.0.0-20230211225306-d2f2c1c04ab7/go.mod h1:uwHzVSsqy6pHCawMW8PjLYig7e3NGwFHqbLKXKluCkY=
github.com/EXCCoin/exccd/txscript/v4 v4.0.0-20230222134430-694fa0700495/go.mod h1:pYGKm1xXM41xIu4D7TaID9ZX0hppWlLfL3tVw0eUVHM=
github.com/EXCCoin/exccd/txscript/v4 v4.0.0-20231114084634-503e41f75524/go.mod h1:cjAOKO/UMucyrz13bK2mGBoz1EIewENPVjmOI5gbsRU=
github.com/EXCCoin/exccd/txscript/v4 v4.0.0-20260730143238-5ec2339c687a/go.mod h1:8i0IgolRQMkgR5mNlY4VaIu0FbkNUY6c9fowlRwza3A=
github.com/EXCCoin/exccd/txscript/v4 v4.0.0-20260730143812-d2b4b2c5d047 h1:s9LYtriSolVZ11L8Xgdtm/5XvfMepPDnwZ9XVCSFnKc=
github.com/EXCCoin/exccd/txscript/v4 v4.0.0-20260730143812-d2b4b2c5d047/go.mod h1:IGxqPHHGT9gqBAzoaMlbbrBo8ln9V2g6l+EmDpbZtM4=
github.com/EXCCoin/exccd/txscript/v4 v4.0.1-0.20260804201134-29c256501d37 h1:otDJBAMMrKqaC7HW6n8bKcIQMH9C+KnFPUivYIxEyjw=
github.com/EXCCoin/exccd/txscript/v4 v4.0.1-0.20260804201134-29c256501d37/go.mod h1:xC8DsYSwxLZKpOlD14Qe/KkWhtWaeR65xHn8+kZw/vY=
github.com/EXCCoin/exccd/txscript/v4 v4.0.1-0.20260805075534-7247f219b193 h1:xz+HtQCk669LAXSun1axT4jtckrZdFia+TqL5uOrEWg=
github.com/EXCCoin/exccd/txscript/v4 v4.0.1-0.20260805075534-7247f219b193/go.mod h1:4jxiqt8wJma66gFZ3N5oIZnu5O98XdoCirlhXdSChJ8=
github.com/EXCCoin/exccd/wire v0.0.0-20230211225306-d2f2c1c04ab7/go.mod h1:t749GfscEfBEITr5QKVVWH8Fgfg3VD4vYzMSDdBsg7Y=
github.com/EXCCoin/exccd/wire v0.0.0-20230214161233-275859970533/go.mod h1:el5FLbXOcf7c23bJEl29h8Anj9jMTHp/yhJTBs9Nf8E=
github.com/EXCCoin/exccd/wire v0.0.0-20230222134430-694fa0700495/go.mod h1:Ful+jkeQxfQZB7I2NjeWCe7xXaH5U0BI6Fo6u6uujRk=
github.com/EXCCoin/exccd/wire v0.0.0-20230414141857-db7e0eac8be9/go.mod h1:jEj0fx78IZGFDsZW87iPXrhLiyB3g18t/N32YsunNnM=
github.com/EXCCoin/exccd/wire v0.0.0-20231114084634-503e41f75524/go.mod h1:jEj0fx78IZGFDsZW87iPXrhLiyB3g18t/N32YsunNnM=
github.com/EXCCoin/exccd/wire v0.0.0-20260730143238-5ec2339c687a/go.mod h1:bXhK5c7Mnx2uQ44PQEeY8Z5eBSvra+H2m0lP4zOAZNo=
github.com/EXCCoin/exccd/wire v0.0.0-20260730143812-d2b4b2c5d047 h1:3UgtrZajaXSXod5VZHwRCcWTwSIEuzjkL4v2qylxAF0=
github.com/EXCCoin/exccd/wire v0.0.0-20260730143812-d2b4b2c5d047/go.mod h1:kBTKzofJxhB9eJRhlmIDDvPb6tFVUz25ZKEk7T6i57M=
github.com/EXCCoin/exccd/wire v1.5.1-0.20260804201134-29c256501d37 h1:2V8JyKIWl9j+iSb29Q+ToM3cQM/t+9+yCeFT66iU7V4=
github.com/EXCCoin/exccd/wire v1.5.1-0.20260804201134-29c256501d37/go.mod h1:5YPQIzN3H0HjCx1SfuZ0TifDiGFZpQtllZ8+ncYT55I=
github.com/EXCCoin/exccd/wire v1.5.1-0.20260805075534-7247f219b193 h1:7c1gVb+S+hZBqJG3FvUvh7l0/2DeLnQbFqS/xCXiorw=
github.com/EXCCoin/exccd/wire v1.5.1-0.20260805075534-7247f219b193/go.mod h1:bg6/Mn2etc5+U0vq8gwYoIAlPavWF3C+IZI8TiW2MrU=
github.com/agl/ed25519 v0.0.0-20170116200512-5312a6153412 h1:w1UutsfOrms1J05zt7ISrnJIXKzwaspym5BTKGx93EI=
github.com/agl/ed25519 v0.0.0-20170116200512-5312a6153412/go.mod h1:WPjqKcmVOxf0XSf3YxCJs6N6AOSrOx3obionmG7T0y0=
github.com/cespare/xxhash/v2 v2.3.0 h1:UL815xU9SqsFlibzuggzjXhog7bL6oX9BbNZnL2UFvs=
github.com/cespare/xxhash/v2 v2.3.0/go.mod h1:VGX0DQ3Q6kWi7AoAeZDth3/j3BFtOZR5XLFGgcrjCOs=
github.com/companyzero/sntrup4591761 v0.0.0-20200131011700-2b0d299dbd22/go.mod h1:LoZJNGDWmVPqMEHmeJzj4Weq4Stjc6FKY6FVpY3Hem0=
github.com/companyzero/sntrup4591761 v0.0.0-20220309191932-9e0f3af2f07a h1:clYxJ3Os0EQUKDDVU8M0oipllX0EkuFNBfhVQuIfyF0=
github.com/companyzero/sntrup4591761 v0.0.0-20220309191932-9e0f3af2f07a/go.mod h1:z/9Ck1EDixEbBbZ2KH2qNHekEmDLTOZ+FyoIPWWSVOI=
github.com/davecgh/go-spew v1.1.1 h1:vj9j/u1bqnvCEfJOwUhtlOARqs3+rkHYY13jYWTU97c=
github.com/davecgh/go-spew v1.1.1/go.mod h1:J7Y8YcW2NihsgmVo/mv3lAwl/skON4iLHjSsI+c5H38=
github.com/dchest/siphash v1.2.3 h1:QXwFc8cFOR2dSa/gE6o/HokBMWtLUaNDVd+22aKHeEA=
github.com/dchest/siphash v1.2.3/go.mod h1:0NvQU092bT0ipiFN++/rXm69QG9tVxLAlQHIXMPAkHc=
github.com/decred/go-socks v1.1.0 h1:dnENcc0KIqQo3HSXdgboXAHgqsCIutkqq6ntQjYtm2U=
github.com/decred/go-socks v1.1.0/go.mod h1:sDhHqkZH0X4JjSa02oYOGhcGHYp12FsY1jQ/meV8md0=
github.com/decred/slog v1.2.0 h1:soHAxV52B54Di3WtKLfPum9OFfWqwtf/ygf9njdfnPM=
github.com/decred/slog v1.2.0/go.mod h1:kVXlGnt6DHy2fV5OjSeuvCJ0OmlmTF6LFpEPMu/fOY0=
github.com/fsnotify/fsnotify v1.4.7/go.mod h1:jwhsz4b93w/PPRr/qN1Yymfu8t87LnFCMoQvtojpjFo=
github.com/fsnotify/fsnotify v1.4.9/go.mod h1:znqG4EE+3YCdAaPaxE2ZRY/06pZUdp0tY4IgpuI1SZQ=
github.com/go-logr/logr v1.4.3 h1:CjnDlHq8ikf6E492q6eKboGOC0T8CDaOvkHCIg8idEI=
github.com/go-logr/logr v1.4.3/go.mod h1:9T104GzyrTigFIr8wt5mBrctHMim0Nb2HLGrmQ40KvY=
github.com/go-logr/stdr v1.2.2 h1:hSWxHoqTgW2S2qGc0LTAI563KZ5YKYRhT3MFKZMbjag=
github.com/go-logr/stdr v1.2.2/go.mod h1:mMo/vtBO5dYbehREoey6XUKy/eSumjCCveDpRre4VKE=
github.com/golang/protobuf v1.2.0/go.mod h1:6lQm79b+lXiMfvg/cZm0SGofjICqVBUtrP5yJMmIC1U=
github.com/golang/protobuf v1.4.0-rc.1/go.mod h1:ceaxUfeHdC40wWswd/P6IGgMaK3YpKi5j83Wpe3EHw8=
github.com/golang/protobuf v1.4.0-rc.1.0.20200221234624-67d41d38c208/go.mod h1:xKAWHe0F5eneWXFV3EuXVDTCmh+JuBKY0li0aMyXATA=
github.com/golang/protobuf v1.4.0-rc.2/go.mod h1:LlEzMj4AhA7rCAGe4KMBDvJI+AwstrUpVNzEA03Pprs=
github.com/golang/protobuf v1.4.0-rc.4.0.20200313231945-b860323f09d0/go.mod h1:WU3c8KckQ9AFe+yFwt9sWVRKCVIyN9cPHBJSNnbL67w=
github.com/golang/protobuf v1.4.0/go.mod h1:jodUvKwWbYaEsadDk5Fwe5c77LiNKVO9IDvqG2KuDX0=
github.com/golang/protobuf v1.4.2/go.mod h1:oDoupMAO8OvCJWAcko0GGGIgR6R6ocIYbsSw735rRwI=
github.com/golang/protobuf v1.5.4 h1:i7eJL8qZTpSEXOPTxNKhASYpMn+8e5Q6AdndVa1dWek=
github.com/golang/protobuf v1.5.4/go.mod h1:lnTiLA8Wa4RWRcIUkrtSVa5nRhsEGBg48fD6rSs7xps=
github.com/golang/snappy v0.0.4 h1:yAGX7huGHXlcLOEtBnF4w7FQwA26wojNCwOYAEhLjQM=
github.com/golang/snappy v0.0.4/go.mod h1:/XxbfmMg8lxefKM7IXC3fBNl/7bRcc72aCRzEWrmP2Q=
github.com/google/go-cmp v0.3.0/go.mod h1:8QqcDgzrUqlUb/G2PQTWiueGozuR1884gddMywk6iLU=
github.com/google/go-cmp v0.3.1/go.mod h1:8QqcDgzrUqlUb/G2PQTWiueGozuR1884gddMywk6iLU=
github.com/google/go-cmp v0.4.0/go.mod h1:v8dTdLbMG2kIc/vJvl+f65V22dbkXbowE6jgT/gNBxE=
github.com/google/go-cmp v0.7.0 h1:wk8382ETsv4JYUZwIsn6YpYiWiBsYLSJiTsyBybVuN8=
github.com/google/go-cmp v0.7.0/go.mod h1:pXiqmnSA92OHEEa9HXL2W4E7lf9JzCmGVUdgjX3N/iU=
github.com/google/uuid v1.6.0 h1:NIvaJDMOsjHA8n1jAhLSgzrAzy1Hgr+hNrb57e+94F0=
github.com/google/uuid v1.6.0/go.mod h1:TIyPZe4MgqvfeYDBFedMoGGpEw/LqOeaOT+nhxU+yHo=
github.com/gorilla/websocket v1.4.1/go.mod h1:YR8l580nyteQvAITg2hZ9XVh4b55+EU/adAjf1fMHhE=
github.com/gorilla/websocket v1.5.0/go.mod h1:YR8l580nyteQvAITg2hZ9XVh4b55+EU/adAjf1fMHhE=
github.com/gorilla/websocket v1.5.1 h1:gmztn0JnHVt9JZquRuzLw3g4wouNVzKL15iLr/zn/QY=
github.com/gorilla/websocket v1.5.1/go.mod h1:x3kM2JMyaluk02fnUJpQuwD2dCS5NDG2ZHL0uE0tcaY=
github.com/hpcloud/tail v1.0.0/go.mod h1:ab1qPbhIpdTxEkNHXyeSf5vhxWSCs/tWer42PpOxQnU=
github.com/jessevdk/go-flags v1.4.0/go.mod h1:4FA24M0QyGHXBuZZK/XkWh8h0e1EYbRYJSGM75WSRxI=
github.com/jessevdk/go-flags v1.5.0 h1:1jKYvbxEjfUl0fmqTCOfonvskHHXMjBySTLW4y9LFvc=
github.com/jessevdk/go-flags v1.5.0/go.mod h1:Fw0T6WPc1dYxT4mKEZRfG5kJhaTDP9pj1c2EWnYs/m4=
github.com/jrick/bitset v1.0.0 h1:Ws0PXV3PwXqWK2n7Vz6idCdrV/9OrBXgHEJi27ZB9Dw=
github.com/jrick/bitset v1.0.0/go.mod h1:ZOYB5Uvkla7wIEY4FEssPVi3IQXa02arznRaYaAEPe4=
github.com/jrick/logrotate v1.0.0 h1:lQ1bL/n9mBNeIXoTUoYRlK4dHuNJVofX9oWqBtPnSzI=
github.com/jrick/logrotate v1.0.0/go.mod h1:LNinyqDIJnpAur+b8yyulnQw/wDuN1+BYKlTRt3OuAQ=
github.com/jrick/wsrpc/v2 v2.3.4/go.mod h1:XPYs8BnRWl99lCvXRM5SLpZmTPqWpSOPkDIqYTwDPfU=
github.com/jrick/wsrpc/v2 v2.3.5 h1:CwdycaR/df09iGkPMXs1FxqAHMCQbdAiTGoHfOrtuds=
github.com/jrick/wsrpc/v2 v2.3.5/go.mod h1:7oBeDM/xMF6Yqy4GDAjpppuOf1hm6lWsaG3EaMrm+aA=
github.com/mattn/go-pointer v0.0.1 h1:n+XhsuGeVO6MEAp7xyEukFINEa+Quek5psIR/ylA6o0=
github.com/mattn/go-pointer v0.0.1/go.mod h1:2zXcozF6qYGgmsG+SeTZz3oAbFLdD3OWqnUbNvJZAlc=
github.com/nxadm/tail v1.4.4/go.mod h1:kenIhsEOeOJmVchQTgglprH7qJGnHDVpk1VPCcaMI8A=
github.com/onsi/ginkgo v1.6.0/go.mod h1:lLunBs/Ym6LB5Z9jYTR76FiuTmxDTDusOGeTQH+WWjE=
github.com/onsi/ginkgo v1.12.1/go.mod h1:zj2OWP4+oCPe1qIXoGWkgMRwljMUYCdkwsT2108oapk=
github.com/onsi/ginkgo v1.14.0/go.mod h1:iSB4RoI2tjJc9BBv4NKIKWKya62Rps+oPG/Lv9klQyY=
github.com/onsi/gomega v1.7.1/go.mod h1:XdKZgCCFLUoM/7CFJVPcG8C1xQ1AJ0vpAezJrB7JYyY=
github.com/onsi/gomega v1.10.1/go.mod h1:iN09h71vgCQne3DLsj+A5owkum+a2tYe+TOCB1ybHNo=
github.com/pmezard/go-difflib v1.0.0 h1:4DBwDE0NGyQoBHbLQYPwSUPoCMWR5BEzIk/f1lZbAQM=
github.com/pmezard/go-difflib v1.0.0/go.mod h1:iKH77koFhYxTK1pcRnkKkqfTogsbg7gZNVY4sRDYZ/4=
github.com/stretchr/testify v1.8.1 h1:w7B6lhMri9wdJUVmEZPGGhZzrYTPvgJArz7wNPgYKsk=
github.com/stretchr/testify v1.8.1/go.mod h1:w2LPCIKwWwSfY2zedu0+kehJoqGctiVI29o6fzry7u4=
github.com/syndtr/goleveldb v1.0.1-0.20210819022825-2ae1ddf74ef7 h1:epCh84lMvA70Z7CTTCmYQn2CKbY8j86K7/FAIr141uY=
github.com/syndtr/goleveldb v1.0.1-0.20210819022825-2ae1ddf74ef7/go.mod h1:q4W45IWZaF22tdD+VEXcAWRA037jwmWEB5VWYORlTpc=
github.com/yuin/goldmark v1.4.13/go.mod h1:6yULJ656Px+3vBD8DxQVa3kxgyrAnzto9xy5taEt/CY=
go.etcd.io/bbolt v1.3.8 h1:xs88BrvEv273UsB79e0hcVrlUWmS0a8upikMFhSyAtA=
go.etcd.io/bbolt v1.3.8/go.mod h1:N9Mkw9X8x5fupy0IKsmuqVtoGDyxsaDlbk4Rd05IAQw=
go.opentelemetry.io/auto/sdk v1.2.1 h1:jXsnJ4Lmnqd11kwkBV2LgLoFMZKizbCi5fNZ/ipaZ64=
go.opentelemetry.io/auto/sdk v1.2.1/go.mod h1:KRTj+aOaElaLi+wW1kO/DZRXwkF4C5xPbEe3ZiIhN7Y=
go.opentelemetry.io/otel v1.43.0 h1:mYIM03dnh5zfN7HautFE4ieIig9amkNANT+xcVxAj9I=
go.opentelemetry.io/otel v1.43.0/go.mod h1:JuG+u74mvjvcm8vj8pI5XiHy1zDeoCS2LB1spIq7Ay0=
go.opentelemetry.io/otel/metric v1.43.0 h1:d7638QeInOnuwOONPp4JAOGfbCEpYb+K6DVWvdxGzgM=
go.opentelemetry.io/otel/metric v1.43.0/go.mod h1:RDnPtIxvqlgO8GRW18W6Z/4P462ldprJtfxHxyKd2PY=
go.opentelemetry.io/otel/sdk v1.43.0 h1:pi5mE86i5rTeLXqoF/hhiBtUNcrAGHLKQdhg4h4V9Dg=
go.opentelemetry.io/otel/sdk v1.43.0/go.mod h1:P+IkVU3iWukmiit/Yf9AWvpyRDlUeBaRg6Y+C58QHzg=
go.opentelemetry.io/otel/sdk/metric v1.43.0 h1:S88dyqXjJkuBNLeMcVPRFXpRw2fuwdvfCGLEo89fDkw=
go.opentelemetry.io/otel/sdk/metric v1.43.0/go.mod h1:C/RJtwSEJ5hzTiUz5pXF1kILHStzb9zFlIEe85bhj6A=
go.opentelemetry.io/otel/trace v1.43.0 h1:BkNrHpup+4k4w+ZZ86CZoHHEkohws8AY+WTX09nk+3A=
go.opentelemetry.io/otel/trace v1.43.0/go.mod h1:/QJhyVBUUswCphDVxq+8mld+AvhXZLhe+8WVFxiFff0=
golang.org/x/crypto v0.0.0-20190308221718-c2843e01d9a2/go.mod h1:djNgcEr1/C05ACkg1iLfiJU5Ep61QUkGW8qpdssI0+w=
golang.org/x/crypto v0.0.0-20200622213623-75b288015ac9/go.mod h1:LzIPMQfyMNhhGPhUkYOs5KpL4U8rLKemX1yGLhDgUto=
golang.org/x/crypto v0.0.0-20210921155107-089bfa567519/go.mod h1:GvvjBRRGRdwPK5ydBHafDWAxML/pGHZbMvKqRZ5+Abc=
golang.org/x/crypto v0.5.0/go.mod h1:NK/OQwhpMQP3MwtdjgLlYHnH9ebylxKWv3e0fK+mkQU=
golang.org/x/crypto v0.6.0/go.mod h1:OFC/31mSvZgRz0V1QTNCzfAI1aIRzbiufJtkMIlEp58=
golang.org/x/crypto v0.8.0/go.mod h1:mRqEX+O9/h5TFCrQhkgjo2yKi0yYA+9ecGkdQoHrywE=
golang.org/x/crypto v0.14.0/go.mod h1:MVFd36DqK4CsrnJYDkBA3VC4m2GkXAM0PvzMCn4JQf4=
golang.org/x/crypto v0.15.0/go.mod h1:4ChreQoLWfG3xLDer1WdlH5NdlQ3+mwnQq1YTKY+72g=
golang.org/x/crypto v0.53.0 h1:QZ4Muo8THX6CizN2vPPd5fBGHyogrdK9fG4wLPFUsto=
golang.org/x/crypto v0.53.0/go.mod h1:DNLU434OwVakk9PzuwV8w62mAJpRJL3vsgcfp4Qnsio=
golang.org/x/mod v0.6.0-dev.0.20220419223038-86c51ed26bb4/go.mod h1:jJ57K6gSWd91VN4djpZkiMVwK6gcyfeH4XE8wZrZaV4=
golang.org/x/mod v0.8.0/go.mod h1:iBbtSCu2XBx23ZKBPSOrRkjjQPZFPuis4dIYUhu/chs=
golang.org/x/net v0.0.0-20180906233101-161cd47e91fd/go.mod h1:mL1N/T3taQHkDXs73rZJwtUhF3w3ftmwwsq0BUmARs4=
golang.org/x/net v0.0.0-20190404232315-eb5bcb51f2a3/go.mod h1:t9HGtf8HONx5eT2rtn7q6eTqICYqUVnKs3thJo3Qplg=
golang.org/x/net v0.0.0-20190620200207-3b0461eec859/go.mod h1:z5CRVTTTmAJ677TzLLGU+0bjPO0LkuOLi4/5GtJWs/s=
golang.org/x/net v0.0.0-20200520004742-59133d7f0dd7/go.mod h1:qpuaurCH72eLCgpAm/N6yyVIVM9cpaDIP3A8BGJEC5A=
golang.org/x/net v0.0.0-20200813134508-3edf25e44fcc/go.mod h1:/O7V0waA8r7cgGh81Ro3o1hOxt32SMVPicZroKQ2sZA=
golang.org/x/net v0.0.0-20210226172049-e18ecbb05110/go.mod h1:m0MpNAwzfU5UDzcl9v0D8zg8gWTRqZa9RBIspLL5mdg=
golang.org/x/net v0.0.0-20220722155237-a158d28d115b/go.mod h1:XRhObCWvk6IyKnWLug+ECip1KBveYUHfp+8e9klMJ9c=
golang.org/x/net v0.5.0/go.mod h1:DivGGAXEgPSlEBzxGzZI+ZLohi+xUj054jfeKui00ws=
golang.org/x/net v0.6.0/go.mod h1:2Tu9+aMcznHK/AK1HMvgo6xiTLG5rD5rZLDS+rp2Bjs=
golang.org/x/net v0.7.0/go.mod h1:2Tu9+aMcznHK/AK1HMvgo6xiTLG5rD5rZLDS+rp2Bjs=
golang.org/x/net v0.9.0/go.mod h1:d48xBJpPfHeWQsugry2m+kC02ZBRGRgulfHnEXEuWns=
golang.org/x/net v0.10.0/go.mod h1:0qNGK6F8kojg2nk9dLZ2mShWaEBan6FAoqfSigmmuDg=
golang.org/x/net v0.17.0/go.mod h1:NxSsAGuq816PNPmqtQdLE42eU2Fs7NoRIZrHJAlaCOE=
golang.org/x/net v0.18.0/go.mod h1:/czyP5RqHAH4odGYxBJ1qz0+CE5WZ+2j1YgoEo8F2jQ=
golang.org/x/net v0.56.0 h1:Rw8j/hFzGvJUZwNBXnAtf5sVDVt+65SK2C7IxCxZt5o=
golang.org/x/net v0.56.0/go.mod h1:D3Ku6r+V6JROoZK144D2XfMHFcMq/0zSfLelVTCFKec=
golang.org/x/sync v0.0.0-20180314180146-1d60e4601c6f/go.mod h1:RxMgew5VJxzue5/jJTE5uejpjVlOe/izrB70Jof72aM=
golang.org/x/sync v0.0.0-20190423024810-112230192c58/go.mod h1:RxMgew5VJxzue5/jJTE5uejpjVlOe/izrB70Jof72aM=
golang.org/x/sync v0.0.0-20220722155255-886fb9371eb4/go.mod h1:RxMgew5VJxzue5/jJTE5uejpjVlOe/izrB70Jof72aM=
golang.org/x/sync v0.1.0/go.mod h1:RxMgew5VJxzue5/jJTE5uejpjVlOe/izrB70Jof72aM=
golang.org/x/sync v0.21.0 h1:HLII4xRRTtCRkxYp4HNFF0Js/Og6q2i++KXbg0gHCwM=
golang.org/x/sync v0.21.0/go.mod h1:9xrNwdLfx4jkKbNva9FpL6vEN7evnE43NNNJQ2LF3+0=
golang.org/x/sys v0.0.0-20180909124046-d0be0721c37e/go.mod h1:STP8DvDyc/dI5b8T5hshtkjS+E42TnysNCUPdjciGhY=
golang.org/x/sys v0.0.0-20190215142949-d0b11bdaac8a/go.mod h1:STP8DvDyc/dI5b8T5hshtkjS+E42TnysNCUPdjciGhY=
golang.org/x/sys v0.0.0-20190412213103-97732733099d/go.mod h1:h1NjWce9XRLGQEsW7wpKNCjG9DtNlClVuFLEZdDNbEs=
golang.org/x/sys v0.0.0-20190904154756-749cb33beabd/go.mod h1:h1NjWce9XRLGQEsW7wpKNCjG9DtNlClVuFLEZdDNbEs=
golang.org/x/sys v0.0.0-20191005200804-aed5e4c7ecf9/go.mod h1:h1NjWce9XRLGQEsW7wpKNCjG9DtNlClVuFLEZdDNbEs=
golang.org/x/sys v0.0.0-20191120155948-bd437916bb0e/go.mod h1:h1NjWce9XRLGQEsW7wpKNCjG9DtNlClVuFLEZdDNbEs=
golang.org/x/sys v0.0.0-20200323222414-85ca7c5b95cd/go.mod h1:h1NjWce9XRLGQEsW7wpKNCjG9DtNlClVuFLEZdDNbEs=
golang.org/x/sys v0.0.0-20200519105757-fe76b779f299/go.mod h1:h1NjWce9XRLGQEsW7wpKNCjG9DtNlClVuFLEZdDNbEs=
golang.org/x/sys v0.0.0-20200814200057-3d37ad5750ed/go.mod h1:h1NjWce9XRLGQEsW7wpKNCjG9DtNlClVuFLEZdDNbEs=
golang.org/x/sys v0.0.0-20201119102817-f84b799fce68/go.mod h1:h1NjWce9XRLGQEsW7wpKNCjG9DtNlClVuFLEZdDNbEs=
golang.org/x/sys v0.0.0-20210320140829-1e4c9ba3b0c4/go.mod h1:h1NjWce9XRLGQEsW7wpKNCjG9DtNlClVuFLEZdDNbEs=
golang.org/x/sys v0.0.0-20210615035016-665e8c7367d1/go.mod h1:oPkhp1MJrh7nUepCBck5+mAzfO9JrbApNNgaTdGDITg=
golang.org/x/sys v0.0.0-20220520151302-bc2c85ada10a/go.mod h1:oPkhp1MJrh7nUepCBck5+mAzfO9JrbApNNgaTdGDITg=
golang.org/x/sys v0.0.0-20220722155257-8c9f86f7a55f/go.mod h1:oPkhp1MJrh7nUepCBck5+mAzfO9JrbApNNgaTdGDITg=
golang.org/x/sys v0.4.0/go.mod h1:oPkhp1MJrh7nUepCBck5+mAzfO9JrbApNNgaTdGDITg=
golang.org/x/sys v0.5.0/go.mod h1:oPkhp1MJrh7nUepCBck5+mAzfO9JrbApNNgaTdGDITg=
golang.org/x/sys v0.7.0/go.mod h1:oPkhp1MJrh7nUepCBck5+mAzfO9JrbApNNgaTdGDITg=
golang.org/x/sys v0.8.0/go.mod h1:oPkhp1MJrh7nUepCBck5+mAzfO9JrbApNNgaTdGDITg=
golang.org/x/sys v0.13.0/go.mod h1:oPkhp1MJrh7nUepCBck5+mAzfO9JrbApNNgaTdGDITg=
golang.org/x/sys v0.14.0/go.mod h1:/VUhepiaJMQUp4+oa/7Zr1D23ma6VTLIYjOOTFZPUcA=
golang.org/x/sys v0.46.0 h1:noSf2Fq6F8DBgS+LysIkx7rIExoNHJsxOAtPp4rthXw=
golang.org/x/sys v0.46.0/go.mod h1:4GL1E5IUh+htKOUEOaiffhrAeqysfVGipDYzABqnCmw=
golang.org/x/term v0.0.0-20201126162022-7de9c90e9dd1/go.mod h1:bj7SfCRtBDWHUb9snDiAeCFNEtKQo2Wmx5Cou7ajbmo=
golang.org/x/term v0.0.0-20210927222741-03fcf44c2211/go.mod h1:jbD1KX2456YbFQfuXm/mYQcufACuNUgVhRMnK/tPxf8=
golang.org/x/term v0.4.0/go.mod h1:9P2UbLfCdcvo3p/nzKvsmas4TnlujnuoV9hGgYzW1lQ=
golang.org/x/term v0.5.0/go.mod h1:jMB1sMXY+tzblOD4FWmEbocvup2/aLOaQEp7JmGp78k=
golang.org/x/term v0.7.0/go.mod h1:P32HKFT3hSsZrRxla30E9HqToFYAQPCMs/zFMBUFqPY=
golang.org/x/term v0.8.0/go.mod h1:xPskH00ivmX89bAKVGSKKtLOWNx2+17Eiy94tnKShWo=
golang.org/x/term v0.13.0/go.mod h1:LTmsnFJwVN6bCy1rVCoS+qHT1HhALEFxKncY3WNNh4U=
golang.org/x/term v0.14.0/go.mod h1:TySc+nGkYR6qt8km8wUhuFRTVSMIX3XPR58y2lC8vww=
golang.org/x/term v0.44.0 h1:0rLvDRCtNj0gZkyIXhCyOb2OAzEhLVqc4B+hrsBhrmc=
golang.org/x/term v0.44.0/go.mod h1:7ze4MdzUzLXpSAoFP1H0bOI9aXDqveSvatT5vKcFh2Y=
golang.org/x/text v0.3.0/go.mod h1:NqM8EUOU14njkJ3fqMW+pc6Ldnwhi/IjpwHt7yyuwOQ=
golang.org/x/text v0.3.2/go.mod h1:bEr9sfX3Q8Zfm5fL9x+3itogRgK3+ptLWKqgva+5dAk=
golang.org/x/text v0.3.3/go.mod h1:5Zoc/QRtKVWzQhOtBMvqHzDpF6irO9z98xDceosuGiQ=
golang.org/x/text v0.3.7/go.mod h1:u+2+/6zg+i71rQMx5EYifcz6MCKuco9NR6JIITiCfzQ=
golang.org/x/text v0.6.0/go.mod h1:mrYo+phRRbMaCq/xk9113O4dZlRixOauAjOtrjsXDZ8=
golang.org/x/text v0.7.0/go.mod h1:mrYo+phRRbMaCq/xk9113O4dZlRixOauAjOtrjsXDZ8=
golang.org/x/text v0.9.0/go.mod h1:e1OnstbJyHTd6l/uOt8jFFHp6TRDWZR/bV3emEE/zU8=
golang.org/x/text v0.13.0/go.mod h1:TvPlkZtksWOMsz7fbANvkp4WM8x/WCo/om8BMLbz+aE=
golang.org/x/text v0.14.0/go.mod h1:18ZOQIKpY8NJVqYksKHtTdi31H5itFRjB5/qKTNYzSU=
golang.org/x/text v0.39.0 h1:UbZz4pLOvn600D6Oh6GGEI6VAmndrEBLv8/6BEXzyus=
golang.org/x/text v0.39.0/go.mod h1:3UwRclnC2g0TU9x8PZiyfOajCd1zaUNHF9cvqcQZ+ZM=
golang.org/x/tools v0.0.0-20180917221912-90fa682c2a6e/go.mod h1:n7NCudcB/nEzxVGmLbDWY5pfWTLqBcC2KZ6jyYvM4mQ=
golang.org/x/tools v0.0.0-20191119224855-298f0cb1881e/go.mod h1:b+2E5dAYhXwXZwtnZ6UAqBI28+e2cm9otk0dWdXHAEo=
golang.org/x/tools v0.1.12/go.mod h1:hNGJHUnrk76NpqgfD5Aqm5Crs+Hm0VOH/i9J2+nxYbc=
golang.org/x/tools v0.6.0/go.mod h1:Xwgl3UAJ/d3gWutnCtw505GrjyAbvKui8lOU390QaIU=
golang.org/x/xerrors v0.0.0-20190717185122-a985d3407aa7/go.mod h1:I/5z698sn9Ka8TeJc9MKroUUfqBBauWjQqLJ2OPfmY0=
golang.org/x/xerrors v0.0.0-20191204190536-9bdfabe68543/go.mod h1:I/5z698sn9Ka8TeJc9MKroUUfqBBauWjQqLJ2OPfmY0=
golang.org/x/xerrors v0.0.0-20200804184101-5ec99f83aff1/go.mod h1:I/5z698sn9Ka8TeJc9MKroUUfqBBauWjQqLJ2OPfmY0=
gonum.org/v1/gonum v0.17.0 h1:VbpOemQlsSMrYmn7T2OUvQ4dqxQXU+ouZFQsZOx50z4=
gonum.org/v1/gonum v0.17.0/go.mod h1:El3tOrEuMpv2UdMrbNlKEh9vd86bmQ6vqIcDwxEOc1E=
google.golang.org/genproto/googleapis/rpc v0.0.0-20260414002931-afd174a4e478 h1:RmoJA1ujG+/lRGNfUnOMfhCy5EipVMyvUE+KNbPbTlw=
google.golang.org/genproto/googleapis/rpc v0.0.0-20260414002931-afd174a4e478/go.mod h1:4Hqkh8ycfw05ld/3BWL7rJOSfebL2Q+DVDeRgYgxUU8=
google.golang.org/grpc v1.82.1 h1:NnAxzGRA0677vCa4BUkOAnO5+FfQqVl9iUXeD0IqcGE=
google.golang.org/grpc v1.82.1/go.mod h1:yzTZ1TB1Z3SG+LIYaI+WiE8D5+PZ3ArnrSp8zF3+/ZA=
google.golang.org/protobuf v0.0.0-20200109180630-ec00e32a8dfd/go.mod h1:DFci5gLYBciE7Vtevhsrf46CRTquxDuWsQurQQe4oz8=
google.golang.org/protobuf v0.0.0-20200221191635-4d8936d0db64/go.mod h1:kwYJMbMJ01Woi6D6+Kah6886xMZcty6N08ah7+eCXa0=
google.golang.org/protobuf v0.0.0-20200228230310-ab0ca4ff8a60/go.mod h1:cfTl7dwQJ+fmap5saPgwCLgHXTUD7jkjRqWcaiX5VyM=
google.golang.org/protobuf v1.20.1-0.20200309200217-e05f789c0967/go.mod h1:A+miEFZTKqfCUM6K7xSMQL9OKL/b6hQv+e19PK+JZNE=
google.golang.org/protobuf v1.21.0/go.mod h1:47Nbq4nVaFHyn7ilMalzfO3qCViNmqZ2kzikPIcrTAo=
google.golang.org/protobuf v1.23.0/go.mod h1:EGpADcykh3NcUnDUJcl1+ZksZNG86OlYog2l/sGQquU=
google.golang.org/protobuf v1.36.11 h1:fV6ZwhNocDyBLK0dj+fg8ektcVegBBuEolpbTQyBNVE=
google.golang.org/protobuf v1.36.11/go.mod h1:HTf+CrKn2C3g5S8VImy6tdcUvCska2kB7j23XfzDpco=
gopkg.in/check.v1 v0.0.0-20161208181325-20d25e280405/go.mod h1:Co6ibVJAznAaIkqp8huTwlJQCZ016jof/cbN4VW5Yz0=
gopkg.in/fsnotify.v1 v1.4.7/go.mod h1:Tz8NjZHkW78fSQdbUxIjBTcgA1z1m8ZHf0WmKUhAMys=
gopkg.in/tomb.v1 v1.0.0-20141024135613-dd632973f1e7/go.mod h1:dt/ZhP58zS4L8KSrWDmTeBkI65Dw0HsyUHuEVlX15mw=
gopkg.in/yaml.v2 v2.2.4/go.mod h1:hI93XBmqTisBFMUTm0b8Fm+jr3Dg1NNxqwp+5A1VGuI=
gopkg.in/yaml.v2 v2.3.0/go.mod h1:hI93XBmqTisBFMUTm0b8Fm+jr3Dg1NNxqwp+5A1VGuI=
gopkg.in/yaml.v3 v3.0.1 h1:fxVm/GzAzEWqLHuvctI91KS9hhNmmWOoWu0XTYJS7CA=
gopkg.in/yaml.v3 v3.0.1/go.mod h1:K4uyk7z7BCEPqu6E+C64Yfv1cQ7kz7rIZviUmN+EgEM=
