github.com/EXCCoin/base58 v0.0.0-20180515090142-e1a805ee5d9f h1:ucGdoqYaaO8y9CF/Vvyl+LXcOKdqOclw1YXe59HknY8=
github.com/EXCCoin/base58 v0.0.0-20180515090142-e1a805ee5d9f/go.mod h1:FWlYa+QpsFceLY9PQfQrt5R64DlCpuCoDmmZDtN78Q8=
github.com/EXCCoin/exccd/chaincfg/chainhash v0.0.0-20230211225306-d2f2c1c04ab7/go.mod h1:TtjGhhFlbfS1fOTl7avuIUsHsGnBAytY+jCs9Ei45E8=
github.com/EXCCoin/exccd/chaincfg/chainhash v0.0.0-20230222134430-694fa0700495/go.mod h1:ys9yYgU0MOSy9fG7vf8IelJbnlVCKaYNses/1kkwW/o=
github.com/EXCCoin/exccd/chaincfg/chainhash v0.0.0-20231114084634-503e41f75524/go.mod h1:eMPB49d8cWIAj9q7/pXMFu/lFaxs0dOKgkhEnvUQS+o=
github.com/EXCCoin/exccd/chaincfg/chainhash v0.0.0-20260730143238-5ec2339c687a/go.mod h1:eMPB49d8cWIAj9q7/pXMFu/lFaxs0dOKgkhEnvUQS+o=
github.com/EXCCoin/exccd/chaincfg/chainhash v0.0.0-20260730143812-d2b4b2c5d047 h1:bv24gEDhTHr8lGDrAWGHQgWvKbH9fPZPevyYxBwVqUE=
github.com/EXCCoin/exccd/chaincfg/chainhash v0.0.0-20260730143812-d2b4b2c5d047/go.mod h1:EWyy+Yo3vlyfk+ynAvSp+SXTMkIuQ1k4RPtN67zY7+E=
github.com/EXCCoin/exccd/chaincfg/v3 v3.0.0-20230214161233-275859970533/go.mod h1:kI3is/m8omS08trtkDqyOkKAw2aVdQAyPcuLYN8qATU=
github.com/EXCCoin/exccd/chaincfg/v3 v3.0.0-20260730143238-5ec2339c687a/go.mod h1:Z9E7kn+Srdn8PXkDWa7GRA+IVxf9Qxvpv5OyGRs02j4=
github.com/EXCCoin/exccd/chaincfg/v3 v3.0.0-20260730143812-d2b4b2c5d047 h1:zwbaXIFysqNWMFNFgmouwoVAYxJscg2CO7t/PBaUIwE=
github.com/EXCCoin/exccd/chaincfg/v3 v3.0.0-20260730143812-d2b4b2c5d047/go.mod h1:Yv4DsGqzt+oE0hmWzNxl5E4bfBcmmkLfc4mvfHBRuag=
github.com/EXCCoin/exccd/crypto/blake256 v0.0.0-20230211225306-d2f2c1c04ab7/go.mod h1:gGGtDzi74jQyKPRjBKT/BSFoRbN33dmgNZgj8jgEFd0=
github.com/EXCCoin/exccd/crypto/blake256 v0.0.0-20231114084634-503e41f75524/go.mod h1:a6dgMwlAl4Sw8AL1aANZdNqEby7g+DdQx7WBzdiYtEk=
github.com/EXCCoin/exccd/crypto/blake256 v0.0.0-20260730143238-5ec2339c687a/go.mod h1:a6dgMwlAl4Sw8AL1aANZdNqEby7g+DdQx7WBzdiYtEk=
github.com/EXCCoin/exccd/crypto/blake256 v0.0.0-20260730143812-d2b4b2c5d047 h1:dHvYxClJjqAC+D7l4IIzosmqf0EJogHPMrr26ArsNT8=
github.com/EXCCoin/exccd/crypto/blake256 v0.0.0-20260730143812-d2b4b2c5d047/go.mod h1:a6dgMwlAl4Sw8AL1aANZdNqEby7g+DdQx7WBzdiYtEk=
github.com/EXCCoin/exccd/crypto/ripemd160 v0.0.0-20231114084634-503e41f75524/go.mod h1:bLNlDLXx0hrU7NO/4lvWiFLRWA8+DjI0pnS6pUcvvDw=
github.com/EXCCoin/exccd/crypto/ripemd160 v0.0.0-20260730143238-5ec2339c687a/go.mod h1:bLNlDLXx0hrU7NO/4lvWiFLRWA8+DjI0pnS6pUcvvDw=
github.com/EXCCoin/exccd/crypto/ripemd160 v0.0.0-20260730143812-d2b4b2c5d047 h1:DKZBTW3yl6NlKxd1t2reUudxRjtam45PB19IFe+32Ec=
github.com/EXCCoin/exccd/crypto/ripemd160 v0.0.0-20260730143812-d2b4b2c5d047/go.mod h1:bLNlDLXx0hrU7NO/4lvWiFLRWA8+DjI0pnS6pUcvvDw=
github.com/EXCCoin/exccd/dcrec v0.0.0-20231114084634-503e41f75524/go.mod h1:jaEvYZyvFtTRdOq3gwNzW1Ls3Va+ok52apTcLD7pyOE=
github.com/EXCCoin/exccd/dcrec v0.0.0-20260730143238-5ec2339c687a/go.mod h1:jaEvYZyvFtTRdOq3gwNzW1Ls3Va+ok52apTcLD7pyOE=
github.com/EXCCoin/exccd/dcrec v0.0.0-20260730143812-d2b4b2c5d047 h1:1sA0qsV3nTAltFkNr7FLYfQQAgTxLmNXS0uPdsa5660=
github.com/EXCCoin/exccd/dcrec v0.0.0-20260730143812-d2b4b2c5d047/go.mod h1:jaEvYZyvFtTRdOq3gwNzW1Ls3Va+ok52apTcLD7pyOE=
github.com/EXCCoin/exccd/dcrec/edwards/v2 v2.0.0-20231114084634-503e41f75524/go.mod h1:iXj7LWDJurpiMt4QeAsRmRAfMbaCbaLedEkO4YOs/ak=
github.com/EXCCoin/exccd/dcrec/edwards/v2 v2.0.0-20260730143238-5ec2339c687a/go.mod h1:iXj7LWDJurpiMt4QeAsRmRAfMbaCbaLedEkO4YOs/ak=
github.com/EXCCoin/exccd/dcrec/edwards/v2 v2.0.0-20260730143812-d2b4b2c5d047 h1:Odd7fEfJYbFmJKK4X53s4VT4XmXgAHjS+EpLZ4s+4BQ=
github.com/EXCCoin/exccd/dcrec/edwards/v2 v2.0.0-20260730143812-d2b4b2c5d047/go.mod h1:iXj7LWDJurpiMt4QeAsRmRAfMbaCbaLedEkO4YOs/ak=
github.com/EXCCoin/exccd/dcrec/secp256k1/v4 v4.0.0-20231114084634-503e41f75524/go.mod h1:vD1kBtMbVH/KKf5h+3NKI1YfaIuKEX/ffAQ/axBPzcM=
github.com/EXCCoin/exccd/dcrec/secp256k1/v4 v4.0.0-20260730143238-5ec2339c687a/go.mod h1:vD1kBtMbVH/KKf5h+3NKI1YfaIuKEX/ffAQ/axBPzcM=
github.com/EXCCoin/exccd/dcrec/secp256k1/v4 v4.0.0-20260730143812-d2b4b2c5d047 h1:hDf9BB1OBF/okYxF17JfHl5J3jzLHqVNDEchwnDGLHA=
github.com/EXCCoin/exccd/dcrec/secp256k1/v4 v4.0.0-20260730143812-d2b4b2c5d047/go.mod h1:fxio0/+F28LEWr7QKtOhgk+AAuy0J+kCyuJHECSWPaY=
github.com/EXCCoin/exccd/dcrutil/v4 v4.0.0-20260730143812-d2b4b2c5d047 h1:I8BisqonkvkNGMYUAn9GS8QlDmYPAWw61zPY0rA2NMc=
github.com/EXCCoin/exccd/dcrutil/v4 v4.0.0-20260730143812-d2b4b2c5d047/go.mod h1:3+loljal2BUB2ujAW6PILFgDLWtQRhnI3oJnX25w580=
github.com/EXCCoin/exccd/txscript/v4 v4.0.0-20260730143238-5ec2339c687a/go.mod h1:8i0IgolRQMkgR5mNlY4VaIu0FbkNUY6c9fowlRwza3A=
github.com/EXCCoin/exccd/txscript/v4 v4.0.0-20260730143812-d2b4b2c5d047 h1:s9LYtriSolVZ11L8Xgdtm/5XvfMepPDnwZ9XVCSFnKc=
github.com/EXCCoin/exccd/txscript/v4 v4.0.0-20260730143812-d2b4b2c5d047/go.mod h1:IGxqPHHGT9gqBAzoaMlbbrBo8ln9V2g6l+EmDpbZtM4=
github.com/EXCCoin/exccd/wire v0.0.0-20230211225306-d2f2c1c04ab7/go.mod h1:t749GfscEfBEITr5QKVVWH8Fgfg3VD4vYzMSDdBsg7Y=
github.com/EXCCoin/exccd/wire v0.0.0-20230214161233-275859970533/go.mod h1:el5FLbXOcf7c23bJEl29h8Anj9jMTHp/yhJTBs9Nf8E=
github.com/EXCCoin/exccd/wire v0.0.0-20231114084634-503e41f75524/go.mod h1:jEj0fx78IZGFDsZW87iPXrhLiyB3g18t/N32YsunNnM=
github.com/EXCCoin/exccd/wire v0.0.0-20260730143238-5ec2339c687a/go.mod h1:bXhK5c7Mnx2uQ44PQEeY8Z5eBSvra+H2m0lP4zOAZNo=
github.com/EXCCoin/exccd/wire v0.0.0-20260730143812-d2b4b2c5d047 h1:3UgtrZajaXSXod5VZHwRCcWTwSIEuzjkL4v2qylxAF0=
github.com/EXCCoin/exccd/wire v0.0.0-20260730143812-d2b4b2c5d047/go.mod h1:kBTKzofJxhB9eJRhlmIDDvPb6tFVUz25ZKEk7T6i57M=
github.com/agl/ed25519 v0.0.0-20170116200512-5312a6153412 h1:w1UutsfOrms1J05zt7ISrnJIXKzwaspym5BTKGx93EI=
github.com/agl/ed25519 v0.0.0-20170116200512-5312a6153412/go.mod h1:WPjqKcmVOxf0XSf3YxCJs6N6AOSrOx3obionmG7T0y0=
github.com/davecgh/go-spew v1.1.1 h1:vj9j/u1bqnvCEfJOwUhtlOARqs3+rkHYY13jYWTU97c=
github.com/davecgh/go-spew v1.1.1/go.mod h1:J7Y8YcW2NihsgmVo/mv3lAwl/skON4iLHjSsI+c5H38=
github.com/dchest/siphash v1.2.3 h1:QXwFc8cFOR2dSa/gE6o/HokBMWtLUaNDVd+22aKHeEA=
github.com/dchest/siphash v1.2.3/go.mod h1:0NvQU092bT0ipiFN++/rXm69QG9tVxLAlQHIXMPAkHc=
github.com/decred/slog v1.2.0 h1:soHAxV52B54Di3WtKLfPum9OFfWqwtf/ygf9njdfnPM=
github.com/decred/slog v1.2.0/go.mod h1:kVXlGnt6DHy2fV5OjSeuvCJ0OmlmTF6LFpEPMu/fOY0=
github.com/gorilla/websocket v1.5.1 h1:gmztn0JnHVt9JZquRuzLw3g4wouNVzKL15iLr/zn/QY=
github.com/gorilla/websocket v1.5.1/go.mod h1:x3kM2JMyaluk02fnUJpQuwD2dCS5NDG2ZHL0uE0tcaY=
github.com/jessevdk/go-flags v1.5.0 h1:1jKYvbxEjfUl0fmqTCOfonvskHHXMjBySTLW4y9LFvc=
github.com/jessevdk/go-flags v1.5.0/go.mod h1:Fw0T6WPc1dYxT4mKEZRfG5kJhaTDP9pj1c2EWnYs/m4=
github.com/jrick/wsrpc/v2 v2.3.5 h1:CwdycaR/df09iGkPMXs1FxqAHMCQbdAiTGoHfOrtuds=
github.com/jrick/wsrpc/v2 v2.3.5/go.mod h1:7oBeDM/xMF6Yqy4GDAjpppuOf1hm6lWsaG3EaMrm+aA=
github.com/yuin/goldmark v1.4.13/go.mod h1:6yULJ656Px+3vBD8DxQVa3kxgyrAnzto9xy5taEt/CY=
golang.org/x/crypto v0.0.0-20190308221718-c2843e01d9a2/go.mod h1:djNgcEr1/C05ACkg1iLfiJU5Ep61QUkGW8qpdssI0+w=
golang.org/x/crypto v0.0.0-20210921155107-089bfa567519/go.mod h1:GvvjBRRGRdwPK5ydBHafDWAxML/pGHZbMvKqRZ5+Abc=
golang.org/x/crypto v0.15.0/go.mod h1:4ChreQoLWfG3xLDer1WdlH5NdlQ3+mwnQq1YTKY+72g=
golang.org/x/crypto v0.53.0 h1:QZ4Muo8THX6CizN2vPPd5fBGHyogrdK9fG4wLPFUsto=
golang.org/x/crypto v0.53.0/go.mod h1:DNLU434OwVakk9PzuwV8w62mAJpRJL3vsgcfp4Qnsio=
golang.org/x/mod v0.6.0-dev.0.20220419223038-86c51ed26bb4/go.mod h1:jJ57K6gSWd91VN4djpZkiMVwK6gcyfeH4XE8wZrZaV4=
golang.org/x/mod v0.8.0/go.mod h1:iBbtSCu2XBx23ZKBPSOrRkjjQPZFPuis4dIYUhu/chs=
golang.org/x/net v0.0.0-20190620200207-3b0461eec859/go.mod h1:z5CRVTTTmAJ677TzLLGU+0bjPO0LkuOLi4/5GtJWs/s=
golang.org/x/net v0.0.0-20210226172049-e18ecbb05110/go.mod h1:m0MpNAwzfU5UDzcl9v0D8zg8gWTRqZa9RBIspLL5mdg=
golang.org/x/net v0.0.0-20220722155237-a158d28d115b/go.mod h1:XRhObCWvk6IyKnWLug+ECip1KBveYUHfp+8e9klMJ9c=
golang.org/x/net v0.6.0/go.mod h1:2Tu9+aMcznHK/AK1HMvgo6xiTLG5rD5rZLDS+rp2Bjs=
golang.org/x/net v0.7.0/go.mod h1:2Tu9+aMcznHK/AK1HMvgo6xiTLG5rD5rZLDS+rp2Bjs=
golang.org/x/net v0.10.0/go.mod h1:0qNGK6F8kojg2nk9dLZ2mShWaEBan6FAoqfSigmmuDg=
golang.org/x/net v0.56.0 h1:Rw8j/hFzGvJUZwNBXnAtf5sVDVt+65SK2C7IxCxZt5o=
golang.org/x/net v0.56.0/go.mod h1:D3Ku6r+V6JROoZK144D2XfMHFcMq/0zSfLelVTCFKec=
golang.org/x/sync v0.0.0-20190423024810-112230192c58/go.mod h1:RxMgew5VJxzue5/jJTE5uejpjVlOe/izrB70Jof72aM=
golang.org/x/sync v0.0.0-20220722155255-886fb9371eb4/go.mod h1:RxMgew5VJxzue5/jJTE5uejpjVlOe/izrB70Jof72aM=
golang.org/x/sync v0.1.0/go.mod h1:RxMgew5VJxzue5/jJTE5uejpjVlOe/izrB70Jof72aM=
golang.org/x/sys v0.0.0-20190215142949-d0b11bdaac8a/go.mod h1:STP8DvDyc/dI5b8T5hshtkjS+E42TnysNCUPdjciGhY=
golang.org/x/sys v0.0.0-20201119102817-f84b799fce68/go.mod h1:h1NjWce9XRLGQEsW7wpKNCjG9DtNlClVuFLEZdDNbEs=
golang.org/x/sys v0.0.0-20210320140829-1e4c9ba3b0c4/go.mod h1:h1NjWce9XRLGQEsW7wpKNCjG9DtNlClVuFLEZdDNbEs=
golang.org/x/sys v0.0.0-20210615035016-665e8c7367d1/go.mod h1:oPkhp1MJrh7nUepCBck5+mAzfO9JrbApNNgaTdGDITg=
golang.org/x/sys v0.0.0-20220520151302-bc2c85ada10a/go.mod h1:oPkhp1MJrh7nUepCBck5+mAzfO9JrbApNNgaTdGDITg=
golang.org/x/sys v0.0.0-20220722155257-8c9f86f7a55f/go.mod h1:oPkhp1MJrh7nUepCBck5+mAzfO9JrbApNNgaTdGDITg=
golang.org/x/sys v0.5.0/go.mod h1:oPkhp1MJrh7nUepCBck5+mAzfO9JrbApNNgaTdGDITg=
golang.org/x/sys v0.8.0/go.mod h1:oPkhp1MJrh7nUepCBck5+mAzfO9JrbApNNgaTdGDITg=
golang.org/x/sys v0.14.0/go.mod h1:/VUhepiaJMQUp4+oa/7Zr1D23ma6VTLIYjOOTFZPUcA=
golang.org/x/sys v0.46.0 h1:noSf2Fq6F8DBgS+LysIkx7rIExoNHJsxOAtPp4rthXw=
golang.org/x/sys v0.46.0/go.mod h1:4GL1E5IUh+htKOUEOaiffhrAeqysfVGipDYzABqnCmw=
golang.org/x/term v0.0.0-20201126162022-7de9c90e9dd1/go.mod h1:bj7SfCRtBDWHUb9snDiAeCFNEtKQo2Wmx5Cou7ajbmo=
golang.org/x/term v0.0.0-20210927222741-03fcf44c2211/go.mod h1:jbD1KX2456YbFQfuXm/mYQcufACuNUgVhRMnK/tPxf8=
golang.org/x/term v0.5.0/go.mod h1:jMB1sMXY+tzblOD4FWmEbocvup2/aLOaQEp7JmGp78k=
golang.org/x/term v0.8.0/go.mod h1:xPskH00ivmX89bAKVGSKKtLOWNx2+17Eiy94tnKShWo=
golang.org/x/term v0.14.0/go.mod h1:TySc+nGkYR6qt8km8wUhuFRTVSMIX3XPR58y2lC8vww=
golang.org/x/term v0.44.0 h1:0rLvDRCtNj0gZkyIXhCyOb2OAzEhLVqc4B+hrsBhrmc=
golang.org/x/term v0.44.0/go.mod h1:7ze4MdzUzLXpSAoFP1H0bOI9aXDqveSvatT5vKcFh2Y=
golang.org/x/text v0.3.0/go.mod h1:NqM8EUOU14njkJ3fqMW+pc6Ldnwhi/IjpwHt7yyuwOQ=
golang.org/x/text v0.3.3/go.mod h1:5Zoc/QRtKVWzQhOtBMvqHzDpF6irO9z98xDceosuGiQ=
golang.org/x/text v0.3.7/go.mod h1:u+2+/6zg+i71rQMx5EYifcz6MCKuco9NR6JIITiCfzQ=
golang.org/x/text v0.7.0/go.mod h1:mrYo+phRRbMaCq/xk9113O4dZlRixOauAjOtrjsXDZ8=
golang.org/x/text v0.9.0/go.mod h1:e1OnstbJyHTd6l/uOt8jFFHp6TRDWZR/bV3emEE/zU8=
golang.org/x/text v0.14.0/go.mod h1:18ZOQIKpY8NJVqYksKHtTdi31H5itFRjB5/qKTNYzSU=
golang.org/x/tools v0.0.0-20180917221912-90fa682c2a6e/go.mod h1:n7NCudcB/nEzxVGmLbDWY5pfWTLqBcC2KZ6jyYvM4mQ=
golang.org/x/tools v0.0.0-20191119224855-298f0cb1881e/go.mod h1:b+2E5dAYhXwXZwtnZ6UAqBI28+e2cm9otk0dWdXHAEo=
golang.org/x/tools v0.1.12/go.mod h1:hNGJHUnrk76NpqgfD5Aqm5Crs+Hm0VOH/i9J2+nxYbc=
golang.org/x/tools v0.6.0/go.mod h1:Xwgl3UAJ/d3gWutnCtw505GrjyAbvKui8lOU390QaIU=
golang.org/x/xerrors v0.0.0-20190717185122-a985d3407aa7/go.mod h1:I/5z698sn9Ka8TeJc9MKroUUfqBBauWjQqLJ2OPfmY0=
