github.com/EXCCoin/base58 v0.0.0-20180515090142-e1a805ee5d9f h1:ucGdoqYaaO8y9CF/Vvyl+LXcOKdqOclw1YXe59HknY8=
github.com/EXCCoin/base58 v0.0.0-20180515090142-e1a805ee5d9f/go.mod h1:FWlYa+QpsFceLY9PQfQrt5R64DlCpuCoDmmZDtN78Q8=
github.com/EXCCoin/exccd v0.0.0-20230211225306-d2f2c1c04ab7 h1:nqGidQKCtG1vq6AEogFFZI1XhRI+q4Rw5dpk+RXkK+M=
github.com/EXCCoin/exccd v0.0.0-20230211225306-d2f2c1c04ab7/go.mod h1:I7lcHtVb4/mf8BE02F58B73asYA05ECH+gvCKHi0upQ=
github.com/EXCCoin/exccd/blockchain/standalone/v2 v2.0.0-20230211230641-e063ab695635 h1:aY8s6S+6Sdx+S5HUtzWFspuD4VLSbwy1EcdKKEPmh4A=
github.com/EXCCoin/exccd/blockchain/standalone/v2 v2.0.0-20230211230641-e063ab695635/go.mod h1:IfM4EZ/lKzdt7VV+7PX8kUqswn+CqsyXHWqOP7SbZrM=
github.com/EXCCoin/exccd/chaincfg/chainhash v0.0.0-20230211225306-d2f2c1c04ab7/go.mod h1:TtjGhhFlbfS1fOTl7avuIUsHsGnBAytY+jCs9Ei45E8=
github.com/EXCCoin/exccd/chaincfg/chainhash v0.0.0-20230211230641-e063ab695635 h1:rlS74Wt9UAwqzRxuRaYJqayikGzSKhN4MZCWrj7KL1o=
github.com/EXCCoin/exccd/chaincfg/chainhash v0.0.0-20230211230641-e063ab695635/go.mod h1:HugQl51HouJ13KKyxNQHARMq/mrpjfi7jUM2Iv3kgjI=
github.com/EXCCoin/exccd/chaincfg/v3 v3.0.0-20230211225306-d2f2c1c04ab7/go.mod h1:qbWcZdaL4y+HgMVk1e+TpyE3rHyZNSToAaMyHRn9TWg=
github.com/EXCCoin/exccd/chaincfg/v3 v3.0.0-20230211230641-e063ab695635 h1:w5koh4ZpwUHZbByEOMdB0dF4axyWC2ubNh4GFh8BGFQ=
github.com/EXCCoin/exccd/chaincfg/v3 v3.0.0-20230211230641-e063ab695635/go.mod h1:kI3is/m8omS08trtkDqyOkKAw2aVdQAyPcuLYN8qATU=
github.com/EXCCoin/exccd/crypto/blake256 v0.0.0-20230211225306-d2f2c1c04ab7 h1:IOnMj+Q8+4XGM1cB+v3x7m6FWE1W9LSfDxls91D675U=
github.com/EXCCoin/exccd/crypto/blake256 v0.0.0-20230211225306-d2f2c1c04ab7/go.mod h1:gGGtDzi74jQyKPRjBKT/BSFoRbN33dmgNZgj8jgEFd0=
github.com/EXCCoin/exccd/crypto/ripemd160 v0.0.0-20230211225306-d2f2c1c04ab7 h1:x1X5br9R/d8Wd2RndMps7vfmh2lJUjlNRJ82g2wgTJw=
github.com/EXCCoin/exccd/crypto/ripemd160 v0.0.0-20230211225306-d2f2c1c04ab7/go.mod h1:aHqP29TIbaWgcd1DlDCVc+QZZqNE5n13C7BHXHiKS0M=
github.com/EXCCoin/exccd/dcrec v0.0.0-20230211225306-d2f2c1c04ab7 h1:zGYA6PKm29oAJWDvmVot7sSWLutzr/wFhYpqr8L1vcU=
github.com/EXCCoin/exccd/dcrec v0.0.0-20230211225306-d2f2c1c04ab7/go.mod h1:7rbiErKGJZ8XRgmcBzC09YLEBvSJAWMdxrBhW4WXI4w=
github.com/EXCCoin/exccd/dcrec/edwards/v2 v2.0.0-20230211225306-d2f2c1c04ab7 h1:syPzKfQ3wRPvkSaFrOEWPAYECFLf4xBxg2XJ6FCb1Es=
github.com/EXCCoin/exccd/dcrec/edwards/v2 v2.0.0-20230211225306-d2f2c1c04ab7/go.mod h1:MlNonvPYgC7ZU/N3xZdUwIxlr127qxOmqL4ag1Ft+AE=
github.com/EXCCoin/exccd/dcrec/secp256k1/v4 v4.0.0-20230211225306-d2f2c1c04ab7 h1:8KYeObzMyZZYIHYq7ZQ9cjgzE6mTHA+OM2oKX7fdiW8=
github.com/EXCCoin/exccd/dcrec/secp256k1/v4 v4.0.0-20230211225306-d2f2c1c04ab7/go.mod h1:JZpGOVIOQe+XBfwcc/OZMGCPkl7ZTxi3E5TT2GWri5s=
github.com/EXCCoin/exccd/dcrjson/v4 v4.0.0-20230211225306-d2f2c1c04ab7/go.mod h1:eGcm+0Lm+N/9MPXGJTMSfOZOqOy6jPmifScVUVLC3sU=
github.com/EXCCoin/exccd/dcrjson/v4 v4.0.0-20230211230641-e063ab695635 h1:RWUQSuTVwFcZMxiGjQpV1y6Opq2D2px4dKUg+nHqdAw=
github.com/EXCCoin/exccd/dcrjson/v4 v4.0.0-20230211230641-e063ab695635/go.mod h1:q+24YUL6GuzucXiNZMNlN60pTCC0gWDK0Pf7Vakvxvs=
github.com/EXCCoin/exccd/dcrutil/v4 v4.0.0-20230211230641-e063ab695635 h1:61FHJyhCCB2wEBDBQGdSw88IBktQPZYK9YOfGED/wUw=
github.com/EXCCoin/exccd/dcrutil/v4 v4.0.0-20230211230641-e063ab695635/go.mod h1:lRBj02rOdntQQJ1SMSpLY1l7rfCMLkAljVRF0enqd0g=
github.com/EXCCoin/exccd/rpc/jsonrpc/types/v3 v3.0.0-20230211230641-e063ab695635 h1:jpiTcAjiDFgIlO8a/y2dZ61YF4qkL4pobFEyFZfhuhM=
github.com/EXCCoin/exccd/rpc/jsonrpc/types/v3 v3.0.0-20230211230641-e063ab695635/go.mod h1:vLgpcdZO+vR8D1g3Pa98HIIygih32ZBROC6piBQfIK0=
github.com/EXCCoin/exccd/txscript/v4 v4.0.0-20230211225306-d2f2c1c04ab7/go.mod h1:uwHzVSsqy6pHCawMW8PjLYig7e3NGwFHqbLKXKluCkY=
github.com/EXCCoin/exccd/txscript/v4 v4.0.0-20230211230641-e063ab695635 h1:8dbDK7AFPQ0hLKOa+wA3P9gHtmHjTk+qpnBjBrAxo7c=
github.com/EXCCoin/exccd/txscript/v4 v4.0.0-20230211230641-e063ab695635/go.mod h1:s+NH9OA2bX38DblE/VxE5bPim/CKmsrf9h/oLCpjXHc=
github.com/EXCCoin/exccd/wire v0.0.0-20230211225306-d2f2c1c04ab7/go.mod h1:t749GfscEfBEITr5QKVVWH8Fgfg3VD4vYzMSDdBsg7Y=
github.com/EXCCoin/exccd/wire v0.0.0-20230211230641-e063ab695635 h1:m4P50KIIikHQMKYb6i9Oqvj9gz8QY9yV/KWBRI6m18o=
github.com/EXCCoin/exccd/wire v0.0.0-20230211230641-e063ab695635/go.mod h1:el5FLbXOcf7c23bJEl29h8Anj9jMTHp/yhJTBs9Nf8E=
github.com/EXCCoin/exccwallet/v2 v2.0.0-20230212094302-78612a7669c5 h1:L31NVRhuqeF8t6atf/x9SjLFMsTGwNEdNqB297LD1bQ=
github.com/EXCCoin/exccwallet/v2 v2.0.0-20230212094302-78612a7669c5/go.mod h1:ww9gtCjHYh3ofGLu8BaAA6rgtnBA5BpjJHggOCuSVEQ=
github.com/agl/ed25519 v0.0.0-20170116200512-5312a6153412 h1:w1UutsfOrms1J05zt7ISrnJIXKzwaspym5BTKGx93EI=
github.com/agl/ed25519 v0.0.0-20170116200512-5312a6153412/go.mod h1:WPjqKcmVOxf0XSf3YxCJs6N6AOSrOx3obionmG7T0y0=
github.com/davecgh/go-spew v1.1.1 h1:vj9j/u1bqnvCEfJOwUhtlOARqs3+rkHYY13jYWTU97c=
github.com/davecgh/go-spew v1.1.1/go.mod h1:J7Y8YcW2NihsgmVo/mv3lAwl/skON4iLHjSsI+c5H38=
github.com/dchest/siphash v1.2.3 h1:QXwFc8cFOR2dSa/gE6o/HokBMWtLUaNDVd+22aKHeEA=
github.com/dchest/siphash v1.2.3/go.mod h1:0NvQU092bT0ipiFN++/rXm69QG9tVxLAlQHIXMPAkHc=
github.com/decred/slog v1.2.0 h1:soHAxV52B54Di3WtKLfPum9OFfWqwtf/ygf9njdfnPM=
github.com/decred/slog v1.2.0/go.mod h1:kVXlGnt6DHy2fV5OjSeuvCJ0OmlmTF6LFpEPMu/fOY0=
github.com/mattn/go-pointer v0.0.1 h1:n+XhsuGeVO6MEAp7xyEukFINEa+Quek5psIR/ylA6o0=
github.com/mattn/go-pointer v0.0.1/go.mod h1:2zXcozF6qYGgmsG+SeTZz3oAbFLdD3OWqnUbNvJZAlc=
github.com/yuin/goldmark v1.4.13/go.mod h1:6yULJ656Px+3vBD8DxQVa3kxgyrAnzto9xy5taEt/CY=
golang.org/x/crypto v0.0.0-20190308221718-c2843e01d9a2/go.mod h1:djNgcEr1/C05ACkg1iLfiJU5Ep61QUkGW8qpdssI0+w=
golang.org/x/crypto v0.0.0-20210921155107-089bfa567519/go.mod h1:GvvjBRRGRdwPK5ydBHafDWAxML/pGHZbMvKqRZ5+Abc=
golang.org/x/crypto v0.5.0 h1:U/0M97KRkSFvyD/3FSmdP5W5swImpNgle/EHFhOsQPE=
golang.org/x/crypto v0.5.0/go.mod h1:NK/OQwhpMQP3MwtdjgLlYHnH9ebylxKWv3e0fK+mkQU=
golang.org/x/mod v0.6.0-dev.0.20220419223038-86c51ed26bb4/go.mod h1:jJ57K6gSWd91VN4djpZkiMVwK6gcyfeH4XE8wZrZaV4=
golang.org/x/net v0.0.0-20190620200207-3b0461eec859/go.mod h1:z5CRVTTTmAJ677TzLLGU+0bjPO0LkuOLi4/5GtJWs/s=
golang.org/x/net v0.0.0-20210226172049-e18ecbb05110/go.mod h1:m0MpNAwzfU5UDzcl9v0D8zg8gWTRqZa9RBIspLL5mdg=
golang.org/x/net v0.0.0-20220722155237-a158d28d115b/go.mod h1:XRhObCWvk6IyKnWLug+ECip1KBveYUHfp+8e9klMJ9c=
golang.org/x/net v0.5.0/go.mod h1:DivGGAXEgPSlEBzxGzZI+ZLohi+xUj054jfeKui00ws=
golang.org/x/sync v0.0.0-20190423024810-112230192c58/go.mod h1:RxMgew5VJxzue5/jJTE5uejpjVlOe/izrB70Jof72aM=
golang.org/x/sync v0.0.0-20220722155255-886fb9371eb4/go.mod h1:RxMgew5VJxzue5/jJTE5uejpjVlOe/izrB70Jof72aM=
golang.org/x/sys v0.0.0-20190215142949-d0b11bdaac8a/go.mod h1:STP8DvDyc/dI5b8T5hshtkjS+E42TnysNCUPdjciGhY=
golang.org/x/sys v0.0.0-20201119102817-f84b799fce68/go.mod h1:h1NjWce9XRLGQEsW7wpKNCjG9DtNlClVuFLEZdDNbEs=
golang.org/x/sys v0.0.0-20210615035016-665e8c7367d1/go.mod h1:oPkhp1MJrh7nUepCBck5+mAzfO9JrbApNNgaTdGDITg=
golang.org/x/sys v0.0.0-20220520151302-bc2c85ada10a/go.mod h1:oPkhp1MJrh7nUepCBck5+mAzfO9JrbApNNgaTdGDITg=
golang.org/x/sys v0.0.0-20220722155257-8c9f86f7a55f/go.mod h1:oPkhp1MJrh7nUepCBck5+mAzfO9JrbApNNgaTdGDITg=
golang.org/x/sys v0.4.0 h1:Zr2JFtRQNX3BCZ8YtxRE9hNJYC8J6I1MVbMg6owUp18=
golang.org/x/sys v0.4.0/go.mod h1:oPkhp1MJrh7nUepCBck5+mAzfO9JrbApNNgaTdGDITg=
golang.org/x/term v0.0.0-20201126162022-7de9c90e9dd1/go.mod h1:bj7SfCRtBDWHUb9snDiAeCFNEtKQo2Wmx5Cou7ajbmo=
golang.org/x/term v0.0.0-20210927222741-03fcf44c2211/go.mod h1:jbD1KX2456YbFQfuXm/mYQcufACuNUgVhRMnK/tPxf8=
golang.org/x/term v0.4.0/go.mod h1:9P2UbLfCdcvo3p/nzKvsmas4TnlujnuoV9hGgYzW1lQ=
golang.org/x/text v0.3.0/go.mod h1:NqM8EUOU14njkJ3fqMW+pc6Ldnwhi/IjpwHt7yyuwOQ=
golang.org/x/text v0.3.3/go.mod h1:5Zoc/QRtKVWzQhOtBMvqHzDpF6irO9z98xDceosuGiQ=
golang.org/x/text v0.3.7/go.mod h1:u+2+/6zg+i71rQMx5EYifcz6MCKuco9NR6JIITiCfzQ=
golang.org/x/text v0.6.0/go.mod h1:mrYo+phRRbMaCq/xk9113O4dZlRixOauAjOtrjsXDZ8=
golang.org/x/tools v0.0.0-20180917221912-90fa682c2a6e/go.mod h1:n7NCudcB/nEzxVGmLbDWY5pfWTLqBcC2KZ6jyYvM4mQ=
golang.org/x/tools v0.0.0-20191119224855-298f0cb1881e/go.mod h1:b+2E5dAYhXwXZwtnZ6UAqBI28+e2cm9otk0dWdXHAEo=
golang.org/x/tools v0.1.12/go.mod h1:hNGJHUnrk76NpqgfD5Aqm5Crs+Hm0VOH/i9J2+nxYbc=
golang.org/x/xerrors v0.0.0-20190717185122-a985d3407aa7/go.mod h1:I/5z698sn9Ka8TeJc9MKroUUfqBBauWjQqLJ2OPfmY0=
